github.com/aws/aws-lambda-go v1.41.0 h1:l/5fyVb6Ud9uYd411xdHZzSf2n86TakxzpvIoz7l+3Y=
github.com/aws/aws-lambda-go v1.41.0/go.mod h1:jwFe2KmMsHmffA1X2R09hH6lFzJQxzI8qK17ewzbQMM=
github.com/carlmjohnson/be v0.23.1 h1:lmzkNRv25/mptDQ1ywXMvgQ6u6IZMYna/KHWAquM1II=
github.com/carlmjohnson/be v0.23.1/go.mod h1:KAgPUh0HpzWYZZI+IABdo80wTgY43YhbdsiLYAaSI/Q=
github.com/carlmjohnson/bytemap v0.23.4 h1:g3vRcKldYSRTaUISeaVHBkY2ugo8GN43dbMByLmpN5I=
github.com/carlmjohnson/bytemap v0.23.4/go.mod h1:UfhSWXohBAvDpynyOua3ijJlGTx1hHWwjuUL7psdSGw=
github.com/carlmjohnson/exitcode v0.20.2 h1:vE6rmkCGNA4kO4m1qwWIa77PKlUBVg46cNjs22eAOXE=
github.com/carlmjohnson/exitcode v0.20.2/go.mod h1:MZ6ThCDx517DQcrpYnnns1pLh8onjFl+B/AsrOrdmpc=
github.com/carlmjohnson/flagx v0.22.2 h1:UXf7gL4Ffv5RIH/HKp8CGNzDyopgezFLrDO1m4F8jWc=
github.com/carlmjohnson/flagx v0.22.2/go.mod h1:obobISvBnxgEXPLBITVXhRUOlSlzza1SGt34M64CPJc=
github.com/carlmjohnson/gateway v1.22.2 h1:Nr7JVUSruWG3I6PGGxUTaIGLHSEhCcoppFX0zGxha80=
github.com/carlmjohnson/gateway v1.22.2/go.mod h1:C2xSaIo4kkvdbTQQI5EhmzzWC1wB/+f5COhlpQ4O8fA=
github.com/carlmjohnson/resperr v0.22.0 h1:oSliyZLmyncmPLEZXydy6gNhJgQ/9AaVpaGQLDRQ/NM=
github.com/carlmjohnson/resperr v0.22.0/go.mod h1:iEKmv4gBlxjy4iLy7ExxLjdCBJ5wSaRlDZDnqGfBtls=
github.com/davecgh/go-spew v1.1.0/go.mod h1:J7Y8YcW2NihsgmVo/mv3lAwl/skON4iLHjSsI+c5H38=
github.com/davecgh/go-spew v1.1.1 h1:vj9j/u1bqnvCEfJOwUhtlOARqs3+rkHYY13jYWTU97c=
github.com/davecgh/go-spew v1.1.1/go.mod h1:J7Y8YcW2NihsgmVo/mv3lAwl/skON4iLHjSsI+c5H38=
github.com/go-chi/chi/v5 v5.0.8 h1:lD+NLqFcAi1ovnVZpsnObHGW4xb4J8lNmoYVfECH1Y0=
github.com/go-chi/chi/v5 v5.0.8/go.mod h1:DslCQbL2OYiznFReuXYUmQ2hGd1aDpCnlMNITLSKoi8=
github.com/pmezard/go-difflib v1.0.0 h1:4DBwDE0NGyQoBHbLQYPwSUPoCMWR5BEzIk/f1lZbAQM=
github.com/pmezard/go-difflib v1.0.0/go.mod h1:iKH77koFhYxTK1pcRnkKkqfTogsbg7gZNVY4sRDYZ/4=
github.com/stretchr/objx v0.1.0/go.mod h1:HFkY916IF+rwdDfMAkV7OtwuqBVzrE8GR6GFx+wExME=
github.com/stretchr/objx v0.4.0/go.mod h1:YvHI0jy2hoMjB+UWwv71VJQ9isScKT/TqJzVSSt89Yw=
github.com/stretchr/objx v0.5.0/go.mod h1:Yh+to48EsGEfYuaHDzXPcE3xhTkx73EhmCGUpEOglKo=
github.com/stretchr/testify v1.7.1/go.mod h1:6Fq8oRcR53rry900zMqJjRRixrwX3KX962/h/Wwjteg=
github.com/stretchr/testify v1.8.0/go.mod h1:yNjHg4UonilssWZ8iaSj1OCr/vHnekPRkoO+kdMU+MU=
github.com/stretchr/testify v1.8.2 h1:+h33VjcLVPDHtOdpUCuF+7gSuG3yGIftsP1YvFihtJ8=
github.com/stretchr/testify v1.8.2/go.mod h1:w2LPCIKwWwSfY2zedu0+kehJoqGctiVI29o6fzry7u4=
golang.org/x/exp v0.0.0-20230522175609-2e198f4a06a1 h1:k/i9J1pBpvlfR+9QsetwPyERsqu1GIbi967PQMq3Ivc=
golang.org/x/exp v0.0.0-20230522175609-2e198f4a06a1/go.mod h1:V1LtkGg67GoY2N1AnLN78QLrzxkLyJw7RJb1gzOOz9w=
gopkg.in/check.v1 v0.0.0-20161208181325-20d25e280405/go.mod h1:Co6ibVJAznAaIkqp8huTwlJQCZ016jof/cbN4VW5Yz0=
gopkg.in/yaml.v3 v3.0.0-20200313102051-9f266ea9e77c/go.mod h1:K4uyk7z7BCEPqu6E+C64Yfv1cQ7kz7rIZviUmN+EgEM=
gopkg.in/yaml.v3 v3.0.1 h1:fxVm/GzAzEWqLHuvctI91KS9hhNmmWOoWu0XTYJS7CA=
gopkg.in/yaml.v3 v3.0.1/go.mod h1:K4uyk7z7BCEPqu6E+C64Yfv1cQ7kz7rIZviUmN+EgEM=
