cel.dev/expr v0.25.1 h1:1KrZg61W6TWSxuNZ37Xy49ps13NUovb66QLprthtwi4=
cel.dev/expr v0.25.1/go.mod h1:hrXvqGP6G6gyx8UAHSHJ5RGk//1Oj5nXQ2NI02Nrsg4=
cloud.google.com/go v0.121.6 h1:waZiuajrI28iAf40cWgycWNgaXPO06dupuS+sgibK6c=
cloud.google.com/go v0.121.6/go.mod h1:coChdst4Ea5vUpiALcYKXEpR1S9ZgXbhEzzMcMR66vI=
cloud.google.com/go/auth v0.18.2 h1:+Nbt5Ev0xEqxlNjd6c+yYUeosQ5TtEUaNcN/3FozlaM=
cloud.google.com/go/auth v0.18.2/go.mod h1:xD+oY7gcahcu7G2SG2DsBerfFxgPAJz17zz2joOFF3M=
cloud.google.com/go/auth/oauth2adapt v0.2.8 h1:keo8NaayQZ6wimpNSmW5OPc283g65QNIiLpZnkHRbnc=
cloud.google.com/go/auth/oauth2adapt v0.2.8/go.mod h1:XQ9y31RkqZCcwJWNSx2Xvric3RrU88hAYYbjDWYDL+c=
cloud.google.com/go/compute/metadata v0.9.0 h1:pDUj4QMoPejqq20dK0Pg2N4yG9zIkYGdBtwLoEkH9Zs=
cloud.google.com/go/compute/metadata v0.9.0/go.mod h1:E0bWwX5wTnLPedCKqk3pJmVgCBSM6qQI1yTBdEb3C10=
cloud.google.com/go/iam v1.5.2 h1:qgFRAGEmd8z6dJ/qyEchAuL9jpswyODjA2lS+w234g8=
cloud.google.com/go/iam v1.5.2/go.mod h1:SE1vg0N81zQqLzQEwxL2WI6yhetBdbNQuTvIKCSkUHE=
cloud.google.com/go/monitoring v1.24.2 h1:5OTsoJ1dXYIiMiuL+sYscLc9BumrL3CarVLL7dd7lHM=
cloud.google.com/go/monitoring v1.24.2/go.mod h1:x7yzPWcgDRnPEv3sI+jJGBkwl5qINf+6qY4eq0I9B4U=
cloud.google.com/go/storage v1.56.0 h1:iixmq2Fse2tqxMbWhLWC9HfBj1qdxqAmiK8/eqtsLxI=
cloud.google.com/go/storage v1.56.0/go.mod h1:Tpuj6t4NweCLzlNbw9Z9iwxEkrSem20AetIeH/shgVU=
dario.cat/mergo v1.0.2 h1:85+piFYR1tMbRrLcDwR18y4UKJ3aH1Tbzi24VRW1TK8=
dario.cat/mergo v1.0.2/go.mod h1:E/hbnu0NxMFBjpMIE34DRGLWqDy0g5FuKDhCb31ngxA=
github.com/BurntSushi/toml v1.6.0 h1:dRaEfpa2VI55EwlIW72hMRHdWouJeRF7TPYhI+AUQjk=
github.com/BurntSushi/toml v1.6.0/go.mod h1:ukJfTF/6rtPPRCnwkur4qwRxa8vTRFBF0uk2lLoLwho=
github.com/GoogleCloudPlatform/opentelemetry-operations-go/detectors/gcp v1.30.0 h1:sBEjpZlNHzK1voKq9695PJSX2o5NEXl7/OL3coiIY0c=
github.com/GoogleCloudPlatform/opentelemetry-operations-go/detectors/gcp v1.30.0/go.mod h1:P4WPRUkOhJC13W//jWpyfJNDAIpvRbAUIYLX/4jtlE0=
github.com/GoogleCloudPlatform/opentelemetry-operations-go/exporter/metric v0.53.0 h1:owcC2UnmsZycprQ5RfRgjydWhuoxg71LUfyiQdijZuM=
github.com/GoogleCloudPlatform/opentelemetry-operations-go/exporter/metric v0.53.0/go.mod h1:ZPpqegjbE99EPKsu3iUWV22A04wzGPcAY/ziSIQEEgs=
github.com/GoogleCloudPlatform/opentelemetry-operations-go/internal/resourcemapping v0.53.0 h1:Ron4zCA/yk6U7WOBXhTJcDpsUBG9npumK6xw2auFltQ=
github.com/GoogleCloudPlatform/opentelemetry-operations-go/internal/resourcemapping v0.53.0/go.mod h1:cSgYe11MCNYunTnRXrKiR/tHc0eoKjICUuWpNZoVCOo=
github.com/Masterminds/goutils v1.1.1 h1:5nUrii3FMTL5diU80unEVvNevw1nH4+ZV4DSLVJLSYI=
github.com/Masterminds/goutils v1.1.1/go.mod h1:8cTjp+g8YejhMuvIA5y2vz3BpJxksy863GQaJW2MFNU=
github.com/Masterminds/semver/v3 v3.4.0 h1:Zog+i5UMtVoCU8oKka5P7i9q9HgrJeGzI9SA1Xbatp0=
github.com/Masterminds/semver/v3 v3.4.0/go.mod h1:4V+yj/TJE1HU9XfppCwVMZq3I84lprf4nC11bSS5beM=
github.com/Masterminds/sprig/v3 v3.3.0 h1:mQh0Yrg1XPo6vjYXgtf5OtijNAKJRNcTdOOGZe3tPhs=
github.com/Masterminds/sprig/v3 v3.3.0/go.mod h1:Zy1iXRYNqNLUolqCpL4uhk6SHUMAOSCzdgBfDb35Lz0=
github.com/ProtonMail/go-crypto v1.3.0 h1:ILq8+Sf5If5DCpHQp4PbZdS1J7HDFRXz/+xKBiRGFrw=
github.com/ProtonMail/go-crypto v1.3.0/go.mod h1:9whxjD8Rbs29b4XWbB8irEcE8KHMqaR2e7GWU1R+/PE=
github.com/algolia/algoliasearch-client-go/v3 v3.32.1 h1:+Wabh154Z5dXNL+FlxYC9PJAmNEAmIv7u7qCPr70J24=
github.com/algolia/algoliasearch-client-go/v3 v3.32.1/go.mod h1:i7tLoP7TYDmHX3Q7vkIOL4syVse/k5VJ+k0i8WqFiJk=
github.com/aws/aws-lambda-go v1.52.0 h1:5NfiRaVl9FafUIt2Ld/Bv22kT371mfAI+l1Hd+tV7ZE=
github.com/aws/aws-lambda-go v1.52.0/go.mod h1:dpMpZgvWx5vuQJfBt0zqBha60q7Dd7RfgJv23DymV8A=
github.com/aws/aws-sdk-go-v2 v1.41.1 h1:ABlyEARCDLN034NhxlRUSZr4l71mh+T5KAeGh6cerhU=
github.com/aws/aws-sdk-go-v2 v1.41.1/go.mod h1:MayyLB8y+buD9hZqkCW3kX1AKq07Y5pXxtgB+rRFhz0=
github.com/aws/aws-sdk-go-v2/aws/protocol/eventstream v1.7.4 h1:489krEF9xIGkOaaX3CE/Be2uWjiXrkCH6gUX+bZA/BU=
github.com/aws/aws-sdk-go-v2/aws/protocol/eventstream v1.7.4/go.mod h1:IOAPF6oT9KCsceNTvvYMNHy0+kMF8akOjeDvPENWxp4=
github.com/aws/aws-sdk-go-v2/config v1.32.9 h1:ktda/mtAydeObvJXlHzyGpK1xcsLaP16zfUPDGoW90A=
github.com/aws/aws-sdk-go-v2/config v1.32.9/go.mod h1:U+fCQ+9QKsLW786BCfEjYRj34VVTbPdsLP3CHSYXMOI=
github.com/aws/aws-sdk-go-v2/credentials v1.19.9 h1:sWvTKsyrMlJGEuj/WgrwilpoJ6Xa1+KhIpGdzw7mMU8=
github.com/aws/aws-sdk-go-v2/credentials v1.19.9/go.mod h1:+J44MBhmfVY/lETFiKI+klz0Vym2aCmIjqgClMmW82w=
github.com/aws/aws-sdk-go-v2/feature/ec2/imds v1.18.17 h1:I0GyV8wiYrP8XpA70g1HBcQO1JlQxCMTW9npl5UbDHY=
github.com/aws/aws-sdk-go-v2/feature/ec2/imds v1.18.17/go.mod h1:tyw7BOl5bBe/oqvoIeECFJjMdzXoa/dfVz3QQ5lgHGA=
github.com/aws/aws-sdk-go-v2/feature/s3/manager v1.22.2 h1:1i1SUOTLk0TbMh7+eJYxgv1r1f47BfR69LL6yaELoI0=
github.com/aws/aws-sdk-go-v2/feature/s3/manager v1.22.2/go.mod h1:bo7DhmS/OyVeAJTC768nEk92YKWskqJ4gn0gB5e59qQ=
github.com/aws/aws-sdk-go-v2/internal/configsources v1.4.17 h1:xOLELNKGp2vsiteLsvLPwxC+mYmO6OZ8PYgiuPJzF8U=
github.com/aws/aws-sdk-go-v2/internal/configsources v1.4.17/go.mod h1:5M5CI3D12dNOtH3/mk6minaRwI2/37ifCURZISxA/IQ=
github.com/aws/aws-sdk-go-v2/internal/endpoints/v2 v2.7.17 h1:WWLqlh79iO48yLkj1v3ISRNiv+3KdQoZ6JWyfcsyQik=
github.com/aws/aws-sdk-go-v2/internal/endpoints/v2 v2.7.17/go.mod h1:EhG22vHRrvF8oXSTYStZhJc1aUgKtnJe+aOiFEV90cM=
github.com/aws/aws-sdk-go-v2/internal/ini v1.8.4 h1:WKuaxf++XKWlHWu9ECbMlha8WOEGm0OUEZqm4K/Gcfk=
github.com/aws/aws-sdk-go-v2/internal/ini v1.8.4/go.mod h1:ZWy7j6v1vWGmPReu0iSGvRiise4YI5SkR3OHKTZ6Wuc=
github.com/aws/aws-sdk-go-v2/internal/v4a v1.4.17 h1:JqcdRG//czea7Ppjb+g/n4o8i/R50aTBHkA7vu0lK+k=
github.com/aws/aws-sdk-go-v2/internal/v4a v1.4.17/go.mod h1:CO+WeGmIdj/MlPel2KwID9Gt7CNq4M65HUfBW97liM0=
github.com/aws/aws-sdk-go-v2/service/internal/accept-encoding v1.13.4 h1:0ryTNEdJbzUCEWkVXEXoqlXV72J5keC1GvILMOuD00E=
github.com/aws/aws-sdk-go-v2/service/internal/accept-encoding v1.13.4/go.mod h1:HQ4qwNZh32C3CBeO6iJLQlgtMzqeG17ziAA/3KDJFow=
github.com/aws/aws-sdk-go-v2/service/internal/checksum v1.9.8 h1:Z5EiPIzXKewUQK0QTMkutjiaPVeVYXX7KIqhXu/0fXs=
github.com/aws/aws-sdk-go-v2/service/internal/checksum v1.9.8/go.mod h1:FsTpJtvC4U1fyDXk7c71XoDv3HlRm8V3NiYLeYLh5YE=
github.com/aws/aws-sdk-go-v2/service/internal/presigned-url v1.13.17 h1:RuNSMoozM8oXlgLG/n6WLaFGoea7/CddrCfIiSA+xdY=
github.com/aws/aws-sdk-go-v2/service/internal/presigned-url v1.13.17/go.mod h1:F2xxQ9TZz5gDWsclCtPQscGpP0VUOc8RqgFM3vDENmU=
github.com/aws/aws-sdk-go-v2/service/internal/s3shared v1.19.17 h1:bGeHBsGZx0Dvu/eJC0Lh9adJa3M1xREcndxLNZlve2U=
github.com/aws/aws-sdk-go-v2/service/internal/s3shared v1.19.17/go.mod h1:dcW24lbU0CzHusTE8LLHhRLI42ejmINN8Lcr22bwh/g=
github.com/aws/aws-sdk-go-v2/service/s3 v1.96.0 h1:oeu8VPlOre74lBA/PMhxa5vewaMIMmILM+RraSyB8KA=
github.com/aws/aws-sdk-go-v2/service/s3 v1.96.0/go.mod h1:5jggDlZ2CLQhwJBiZJb4vfk4f0GxWdEDruWKEJ1xOdo=
github.com/aws/aws-sdk-go-v2/service/signin v1.0.5 h1:VrhDvQib/i0lxvr3zqlUwLwJP4fpmpyD9wYG1vfSu+Y=
github.com/aws/aws-sdk-go-v2/service/signin v1.0.5/go.mod h1:k029+U8SY30/3/ras4G/Fnv/b88N4mAfliNn08Dem4M=
github.com/aws/aws-sdk-go-v2/service/sso v1.30.10 h1:+VTRawC4iVY58pS/lzpo0lnoa/SYNGF4/B/3/U5ro8Y=
github.com/aws/aws-sdk-go-v2/service/sso v1.30.10/go.mod h1:yifAsgBxgJWn3ggx70A3urX2AN49Y5sJTD1UQFlfqBw=
github.com/aws/aws-sdk-go-v2/service/ssooidc v1.35.14 h1:0jbJeuEHlwKJ9PfXtpSFc4MF+WIWORdhN1n30ITZGFM=
github.com/aws/aws-sdk-go-v2/service/ssooidc v1.35.14/go.mod h1:sTGThjphYE4Ohw8vJiRStAcu3rbjtXRsdNB0TvZ5wwo=
github.com/aws/aws-sdk-go-v2/service/sts v1.41.6 h1:5fFjR/ToSOzB2OQ/XqWpZBmNvmP/pJ1jOWYlFDJTjRQ=
github.com/aws/aws-sdk-go-v2/service/sts v1.41.6/go.mod h1:qgFDZQSD/Kys7nJnVqYlWKnh0SSdMjAi0uSwON4wgYQ=
github.com/aws/smithy-go v1.24.0 h1:LpilSUItNPFr1eY85RYgTIg5eIEPtvFbskaFcmmIUnk=
github.com/aws/smithy-go v1.24.0/go.mod h1:LEj2LM3rBRQJxPZTB4KuzZkaZYnZPnvgIhb4pu07mx0=
github.com/aymerick/douceur v0.2.0 h1:Mv+mAeH1Q+n9Fr+oyamOlAkUNPWPlA8PPGR0QAaYuPk=
github.com/aymerick/douceur v0.2.0/go.mod h1:wlT5vV2O3h55X9m7iVYN0TBM0NH/MmbLnd30/FjWUq4=
github.com/carlmjohnson/be v0.25.2 h1:EPTT7qCF5xJjcgrV5yX/muP5HTqSJR2VOjO6O4l9cYE=
github.com/carlmjohnson/be v0.25.2/go.mod h1:2P+bH/INocW7e411OYCCIwT3nnJneZyveVav0WBBM1U=
github.com/carlmjohnson/deque v0.23.1 h1:X2HOJM9xcglY03deMZ0oZ1V2xtbqYV7dJDnZiSZN4Ak=
github.com/carlmjohnson/deque v0.23.1/go.mod h1:LF5NJjICBrEOPx84pxPL4nCimy5n9NQjxKi5cXkh+8U=
github.com/carlmjohnson/flowmatic v0.23.4 h1:SfK6f+zKUlw4aga1ph+7/csqVeUAWnBxfqKN5gvQzzs=
github.com/carlmjohnson/flowmatic v0.23.4/go.mod h1:Jpvyl591Dvkt9chYpnVupjxlKvqkZ9CtCmqL4wfQD7U=
github.com/carlmjohnson/gateway v1.22.2 h1:Nr7JVUSruWG3I6PGGxUTaIGLHSEhCcoppFX0zGxha80=
github.com/carlmjohnson/gateway v1.22.2/go.mod h1:C2xSaIo4kkvdbTQQI5EhmzzWC1wB/+f5COhlpQ4O8fA=
github.com/carlmjohnson/requests v0.25.1 h1:17zNRLecxtAjhtdEIV+F+wrYfe+AGZUjWJtpndcOUYA=
github.com/carlmjohnson/requests v0.25.1/go.mod h1:z3UEf8IE4sZxZ78spW6/tLdqBkfCu1Fn4RaYMnZ8SRM=
github.com/cespare/xxhash/v2 v2.3.0 h1:UL815xU9SqsFlibzuggzjXhog7bL6oX9BbNZnL2UFvs=
github.com/cespare/xxhash/v2 v2.3.0/go.mod h1:VGX0DQ3Q6kWi7AoAeZDth3/j3BFtOZR5XLFGgcrjCOs=
github.com/cloudflare/circl v1.6.3 h1:9GPOhQGF9MCYUeXyMYlqTR6a5gTrgR/fBLXvUgtVcg8=
github.com/cloudflare/circl v1.6.3/go.mod h1:2eXP6Qfat4O/Yhh8BznvKnJ+uzEoTQ6jVKJRn81BiS4=
github.com/cncf/xds/go v0.0.0-20251210132809-ee656c7534f5 h1:6xNmx7iTtyBRev0+D/Tv1FZd4SCg8axKApyNyRsAt/w=
github.com/cncf/xds/go v0.0.0-20251210132809-ee656c7534f5/go.mod h1:KdCmV+x/BuvyMxRnYBlmVaq4OLiKW6iRQfvC62cvdkI=
github.com/davecgh/go-spew v1.1.0/go.mod h1:J7Y8YcW2NihsgmVo/mv3lAwl/skON4iLHjSsI+c5H38=
github.com/davecgh/go-spew v1.1.1 h1:vj9j/u1bqnvCEfJOwUhtlOARqs3+rkHYY13jYWTU97c=
github.com/davecgh/go-spew v1.1.1/go.mod h1:J7Y8YcW2NihsgmVo/mv3lAwl/skON4iLHjSsI+c5H38=
github.com/earthboundkid/bytemap/v2 v2.24.1 h1:/uV7l5RwQk+i7CHBaysasl+nmHR/VYOGQCjrdNeCPv8=
github.com/earthboundkid/bytemap/v2 v2.24.1/go.mod h1:amqatzrKVIgZYITQzyXL1bV4pH3cEVqRdX23T3iKhnM=
github.com/earthboundkid/crockford/v2 v2.25.3 h1:XLAMunAlwif1ibtaiOh81IkqXjik4uraYyWLwiM2eAk=
github.com/earthboundkid/crockford/v2 v2.25.3/go.mod h1:keI1dVPvd9wyXPb7tGMxGrUXnXlwC94uleuJs/ye/js=
github.com/earthboundkid/deque/v2 v2.24.2 h1:U0vh6utzBx922tezr53ryt2tOIJ1GUKMABmYpxCgV48=
github.com/earthboundkid/deque/v2 v2.24.2/go.mod h1:k/HnjdCUwuMdqNzbS2exS37GEXJBzHSpNBVppL/nEHg=
github.com/earthboundkid/emailx/v2 v2.24.1 h1:DK/4Eh36IvxCR+29E7xbaxi8gPxgAvm4zMw3DY6VZmM=
github.com/earthboundkid/emailx/v2 v2.24.1/go.mod h1:8UAz0q898I8GBxekObC/Tj6qfF3CJWWNACn+U2DRHlY=
github.com/earthboundkid/errorx/v2 v2.25.1 h1:fjyBu0PFb0psCrQZ9USlE3waHB7ribC4ezvIMBu5xNI=
github.com/earthboundkid/errorx/v2 v2.25.1/go.mod h1:sG7ss+tguj326adlVkr64+1MkOPTFQ7AgGTFjv2O32o=
github.com/earthboundkid/flagx/v2 v2.25.1 h1:NCnaW8sg0B9EcThAFUOEPQFbD2qhGFMp1s4GqU3kPW8=
github.com/earthboundkid/flagx/v2 v2.25.1/go.mod h1:uFev2jp4UhPBLZpRkeHEXuko2vVhi/E/vuxrYgDVjBg=
github.com/earthboundkid/mid v0.25.1 h1:dVEIjRt44r64hnoWEWpwcx7EgDG0LZuPIkOhEwHpRzc=
github.com/earthboundkid/mid v0.25.1/go.mod h1:3gjEZPooEuCZSPms/B0tt0k66GeG+RfhpUsmtKKYSlw=
github.com/earthboundkid/resperr/v2 v2.25.1 h1:H6GCeI/hynE3z1D3eGJ4Dh5s9AzjEf1YHFO4fRIgSs0=
github.com/earthboundkid/resperr/v2 v2.25.1/go.mod h1:1cymu80qg8aRoJzpjWdyYDbLCWzGl+AtlwUzAMmSnEM=
github.com/earthboundkid/slackhook/v2 v2.25.1 h1:/kHr/TUiqTkG4uFr8fPMTHOc6Z4+EDnwUZWTovbYGrE=
github.com/earthboundkid/slackhook/v2 v2.25.1/go.mod h1:cuNGmAmIqJ2rPhgRpJpYP+ZX0jk4VnNkHPZeDKs1eFg=
github.com/earthboundkid/versioninfo/v2 v2.24.1 h1:SJTMHaoUx3GzjjnUO1QzP3ZXK6Ee/nbWyCm58eY3oUg=
github.com/earthboundkid/versioninfo/v2 v2.24.1/go.mod h1:VcWEooDEuyUJnMfbdTh0uFN4cfEIg+kHMuWB2CDCLjw=
github.com/earthboundkid/xhtml v0.26.1 h1:Hu8xIwZZwzpHRMIXx09GsYB2RawhFwjlzaNoLocOwP8=
github.com/earthboundkid/xhtml v0.26.1/go.mod h1:KKQ8YAYc/AfLQi4+aMKVU8KQvtDUEwT/uuyC99Zo2js=
github.com/envoyproxy/go-control-plane v0.14.0 h1:hbG2kr4RuFj222B6+7T83thSPqLjwBIfQawTkC++2HA=
github.com/envoyproxy/go-control-plane/envoy v1.36.0 h1:yg/JjO5E7ubRyKX3m07GF3reDNEnfOboJ0QySbH736g=
github.com/envoyproxy/go-control-plane/envoy v1.36.0/go.mod h1:ty89S1YCCVruQAm9OtKeEkQLTb+Lkz0k8v9W0Oxsv98=
github.com/envoyproxy/protoc-gen-validate v1.3.0 h1:TvGH1wof4H33rezVKWSpqKz5NXWg5VPuZ0uONDT6eb4=
github.com/envoyproxy/protoc-gen-validate v1.3.0/go.mod h1:HvYl7zwPa5mffgyeTUHA9zHIH36nmrm7oCbo4YKoSWA=
github.com/felixge/httpsnoop v1.0.4 h1:NFTV2Zj1bL4mc9sqWACXbQFVBBg2W3GPvqp8/ESS2Wg=
github.com/felixge/httpsnoop v1.0.4/go.mod h1:m8KPJKqk1gH5J9DgRY2ASl2lWCfGKXixSwevea8zH2U=
github.com/frankban/quicktest v1.14.6 h1:7Xjx+VpznH+oBnejlPUj8oUpdxnVs4f8XU8WnHkI4W8=
github.com/frankban/quicktest v1.14.6/go.mod h1:4ptaffx2x8+WTWXmUCuVU6aPUX1/Mz7zb5vbUoiM6w0=
github.com/gabriel-vasile/mimetype v1.4.13 h1:46nXokslUBsAJE/wMsp5gtO500a4F3Nkz9Ufpk2AcUM=
github.com/gabriel-vasile/mimetype v1.4.13/go.mod h1:d+9Oxyo1wTzWdyVUPMmXFvp4F9tea18J8ufA774AB3s=
github.com/getsentry/sentry-go v0.42.0 h1:eeFMACuZTbUQf90RE8dE4tXeSe4CZyfvR1MBL7RLEt8=
github.com/getsentry/sentry-go v0.42.0/go.mod h1:eRXCoh3uvmjQLY6qu63BjUZnaBu5L5WhMV1RwYO8W5s=
github.com/go-chi/chi/v5 v5.2.5 h1:Eg4myHZBjyvJmAFjFvWgrqDTXFyOzjj7YIm3L3mu6Ug=
github.com/go-chi/chi/v5 v5.2.5/go.mod h1:X7Gx4mteadT3eDOMTsXzmI4/rwUpOwBHLpAfupzFJP0=
github.com/go-errors/errors v1.4.2 h1:J6MZopCL4uSllY1OfXM374weqZFFItUbrImctkmUxIA=
github.com/go-errors/errors v1.4.2/go.mod h1:sIVyrIiJhuEF+Pj9Ebtd6P/rEYROXFi3BopGUQ5a5Og=
github.com/go-jose/go-jose/v4 v4.1.3 h1:CVLmWDhDVRa6Mi/IgCgaopNosCaHz7zrMeF9MlZRkrs=
github.com/go-jose/go-jose/v4 v4.1.3/go.mod h1:x4oUasVrzR7071A4TnHLGSPpNOm2a21K9Kf04k1rs08=
github.com/go-logfmt/logfmt v0.6.1 h1:4hvbpePJKnIzH1B+8OR/JPbTx37NktoI9LE2QZBBkvE=
github.com/go-logfmt/logfmt v0.6.1/go.mod h1:EV2pOAQoZaT1ZXZbqDl5hrymndi4SY9ED9/z6CO0XAk=
github.com/go-logr/logr v1.2.2/go.mod h1:jdQByPbusPIv2/zmleS9BjJVeZ6kBagPoEUsqbVz/1A=
github.com/go-logr/logr v1.4.3 h1:CjnDlHq8ikf6E492q6eKboGOC0T8CDaOvkHCIg8idEI=
github.com/go-logr/logr v1.4.3/go.mod h1:9T104GzyrTigFIr8wt5mBrctHMim0Nb2HLGrmQ40KvY=
github.com/go-logr/stdr v1.2.2 h1:hSWxHoqTgW2S2qGc0LTAI563KZ5YKYRhT3MFKZMbjag=
github.com/go-logr/stdr v1.2.2/go.mod h1:mMo/vtBO5dYbehREoey6XUKy/eSumjCCveDpRre4VKE=
github.com/golang/protobuf v1.5.4 h1:i7eJL8qZTpSEXOPTxNKhASYpMn+8e5Q6AdndVa1dWek=
github.com/golang/protobuf v1.5.4/go.mod h1:lnTiLA8Wa4RWRcIUkrtSVa5nRhsEGBg48fD6rSs7xps=
github.com/google/go-cmp v0.6.0/go.mod h1:17dUlkBOakJ0+DkrSSNjCkIjxS6bF9zb3elmeNGIjoY=
github.com/google/go-cmp v0.7.0 h1:wk8382ETsv4JYUZwIsn6YpYiWiBsYLSJiTsyBybVuN8=
github.com/google/go-cmp v0.7.0/go.mod h1:pXiqmnSA92OHEEa9HXL2W4E7lf9JzCmGVUdgjX3N/iU=
github.com/google/go-github/v53 v53.2.0 h1:wvz3FyF53v4BK+AsnvCmeNhf8AkTaeh2SoYu/XUvTtI=
github.com/google/go-github/v53 v53.2.0/go.mod h1:XhFRObz+m/l+UCm9b7KSIC3lT3NWSXGt7mOsAWEloao=
github.com/google/go-querystring v1.2.0 h1:yhqkPbu2/OH+V9BfpCVPZkNmUXhb2gBxJArfhIxNtP0=
github.com/google/go-querystring v1.2.0/go.mod h1:8IFJqpSRITyJ8QhQ13bmbeMBDfmeEJZD5A0egEOmkqU=
github.com/google/go-replayers/grpcreplay v1.3.0 h1:1Keyy0m1sIpqstQmgz307zhiJ1pV4uIlFds5weTmxbo=
github.com/google/go-replayers/grpcreplay v1.3.0/go.mod h1:v6NgKtkijC0d3e3RW8il6Sy5sqRVUwoQa4mHOGEy8DI=
github.com/google/go-replayers/httpreplay v1.2.0 h1:VM1wEyyjaoU53BwrOnaf9VhAyQQEEioJvFYxYcLRKzk=
github.com/google/go-replayers/httpreplay v1.2.0/go.mod h1:WahEFFZZ7a1P4VM1qEeHy+tME4bwyqPcwWbNlUI1Mcg=
github.com/google/martian/v3 v3.3.3 h1:DIhPTQrbPkgs2yJYdXU/eNACCG5DVQjySNRNlflZ9Fc=
github.com/google/martian/v3 v3.3.3/go.mod h1:iEPrYcgCF7jA9OtScMFQyAlZZ4YXTKEtJ1E6RWzmBA0=
github.com/google/s2a-go v0.1.9 h1:LGD7gtMgezd8a/Xak7mEWL0PjoTQFvpRudN895yqKW0=
github.com/google/s2a-go v0.1.9/go.mod h1:YA0Ei2ZQL3acow2O62kdp9UlnvMmU7kA6Eutn0dXayM=
github.com/google/uuid v1.6.0 h1:NIvaJDMOsjHA8n1jAhLSgzrAzy1Hgr+hNrb57e+94F0=
github.com/google/uuid v1.6.0/go.mod h1:TIyPZe4MgqvfeYDBFedMoGGpEw/LqOeaOT+nhxU+yHo=
github.com/google/wire v0.7.0 h1:JxUKI6+CVBgCO2WToKy/nQk0sS+amI9z9EjVmdaocj4=
github.com/google/wire v0.7.0/go.mod h1:n6YbUQD9cPKTnHXEBN2DXlOp/mVADhVErcMFb0v3J18=
github.com/googleapis/enterprise-certificate-proxy v0.3.12 h1:Fg+zsqzYEs1ZnvmcztTYxhgCBsx3eEhEwQ1W/lHq/sQ=
github.com/googleapis/enterprise-certificate-proxy v0.3.12/go.mod h1:vqVt9yG9480NtzREnTlmGSBmFrA+bzb0yl0TxoBQXOg=
github.com/googleapis/gax-go/v2 v2.17.0 h1:RksgfBpxqff0EZkDWYuz9q/uWsTVz+kf43LsZ1J6SMc=
github.com/googleapis/gax-go/v2 v2.17.0/go.mod h1:mzaqghpQp4JDh3HvADwrat+6M3MOIDp5YKHhb9PAgDY=
github.com/gorilla/css v1.0.1 h1:ntNaBIghp6JmvWnxbZKANoLyuXTPZ4cAMlo6RyhlbO8=
github.com/gorilla/css v1.0.1/go.mod h1:BvnYkspnSzMmwRK+b8/xgNPLiIuNZr6vbZBTPQ2A3b0=
github.com/huandu/xstrings v1.5.0 h1:2ag3IFq9ZDANvthTwTiqSSZLjDc+BedvHPAp5tJy2TI=
github.com/huandu/xstrings v1.5.0/go.mod h1:y5/lhBue+AyNmUVz9RLU9xbLR0o4KIIExikq4ovT0aE=
github.com/jackc/pgpassfile v1.0.0 h1:/6Hmqy13Ss2zCq62VdNG8tM1wchn8zjSGOBJ6icpsIM=
github.com/jackc/pgpassfile v1.0.0/go.mod h1:CEx0iS5ambNFdcRtxPj5JhEz+xB6uRky5eyVu/W2HEg=
github.com/jackc/pgservicefile v0.0.0-20240606120523-5a60cdf6a761 h1:iCEnooe7UlwOQYpKFhBabPMi4aNAfoODPEFNiAnClxo=
github.com/jackc/pgservicefile v0.0.0-20240606120523-5a60cdf6a761/go.mod h1:5TJZWKEWniPve33vlWYSoGYefn3gLQRzjfDlhSJ9ZKM=
github.com/jackc/pgx/v5 v5.8.0 h1:TYPDoleBBme0xGSAX3/+NujXXtpZn9HBONkQC7IEZSo=
github.com/jackc/pgx/v5 v5.8.0/go.mod h1:QVeDInX2m9VyzvNeiCJVjCkNFqzsNb43204HshNSZKw=
github.com/jackc/puddle/v2 v2.2.2 h1:PR8nw+E/1w0GLuRFSmiioY6UooMp6KJv0/61nB7icHo=
github.com/jackc/puddle/v2 v2.2.2/go.mod h1:vriiEXHvEE654aYKXXjOvZM39qJ0q+azkZFrfEOc3H4=
github.com/jackc/tern/v2 v2.3.5 h1:nBWHwkiIyZQkYCeYeXt/HEEh6bi7CFudAeyrNhlQ1Lk=
github.com/jackc/tern/v2 v2.3.5/go.mod h1:SrtwsdBRKkeTOjuLd6ISNqaLOtaLX+jOTLrpP+lJQe0=
github.com/kr/pretty v0.3.1 h1:flRD4NNwYAUpkphVc1HcthR4KEIFJ65n8Mw5qdRn3LE=
github.com/kr/pretty v0.3.1/go.mod h1:hoEshYVHaxMs3cyo3Yncou5ZscifuDolrwPKZanG3xk=
github.com/kr/text v0.2.0 h1:5Nx0Ya0ZqY2ygV366QzturHI13Jq95ApcVaJBhpS+AY=
github.com/kr/text v0.2.0/go.mod h1:eLer722TekiGuMkidMxC/pM04lWEeraHUUmBw8l2grE=
github.com/microcosm-cc/bluemonday v1.0.27 h1:MpEUotklkwCSLeH+Qdx1VJgNqLlpY2KXwXFM08ygZfk=
github.com/microcosm-cc/bluemonday v1.0.27/go.mod h1:jFi9vgW+H7c3V0lb6nR74Ib/DIB5OBs92Dimizgw2cA=
github.com/mitchellh/copystructure v1.2.0 h1:vpKXTN4ewci03Vljg/q9QvCGUDttBOGBIa15WveJJGw=
github.com/mitchellh/copystructure v1.2.0/go.mod h1:qLl+cE2AmVv+CoeAwDPye/v+N2HKCj9FbZEVFJRxO9s=
github.com/mitchellh/reflectwalk v1.0.2 h1:G2LzWKi524PWgd3mLHV8Y5k7s6XUvT0Gef6zxSIeXaQ=
github.com/mitchellh/reflectwalk v1.0.2/go.mod h1:mSTlrgnPZtwu0c4WaC2kGObEpuNDbx0jmZXqmk4esnw=
github.com/pingcap/errors v0.11.4 h1:lFuQV/oaUMGcD2tqt+01ROSmJs75VG1ToEOkZIZ4nE4=
github.com/pingcap/errors v0.11.4/go.mod h1:Oi8TUi2kEtXXLMJk9l1cGmz20kV3TaQ0usTwv5KuLY8=
github.com/pkg/errors v0.9.1 h1:FEBLx1zS214owpjy7qsBeixbURkuhQAwrK5UwLGTwt4=
github.com/pkg/errors v0.9.1/go.mod h1:bwawxfHBFNV+L2hUp1rHADufV3IMtnDRdf1r5NINEl0=
github.com/planetscale/vtprotobuf v0.6.1-0.20240319094008-0393e58bdf10 h1:GFCKgmp0tecUJ0sJuv4pzYCqS9+RGSn52M3FUwPs+uo=
github.com/planetscale/vtprotobuf v0.6.1-0.20240319094008-0393e58bdf10/go.mod h1:t/avpk3KcrXxUnYOhZhMXJlSEyie6gQbtLq5NM3loB8=
github.com/pmezard/go-difflib v1.0.0 h1:4DBwDE0NGyQoBHbLQYPwSUPoCMWR5BEzIk/f1lZbAQM=
github.com/pmezard/go-difflib v1.0.0/go.mod h1:iKH77koFhYxTK1pcRnkKkqfTogsbg7gZNVY4sRDYZ/4=
github.com/rogpeppe/go-internal v1.14.1 h1:UQB4HGPB6osV0SQTLymcB4TgvyWu6ZyliaW0tI/otEQ=
github.com/rogpeppe/go-internal v1.14.1/go.mod h1:MaRKkUm5W0goXpeCfT7UZI6fk/L7L7so1lCWt35ZSgc=
github.com/shopspring/decimal v1.4.0 h1:bxl37RwXBklmTi0C79JfXCEBD1cqqHt0bbgBAGFp81k=
github.com/shopspring/decimal v1.4.0/go.mod h1:gawqmDU56v4yIKSwfBSFip1HdCCXN8/+DMd9qYNcwME=
github.com/spf13/cast v1.10.0 h1:h2x0u2shc1QuLHfxi+cTJvs30+ZAHOGRic8uyGTDWxY=
github.com/spf13/cast v1.10.0/go.mod h1:jNfB8QC9IA6ZuY2ZjDp0KtFO2LZZlg4S/7bzP6qqeHo=
github.com/spiffe/go-spiffe/v2 v2.6.0 h1:l+DolpxNWYgruGQVV0xsfeya3CsC7m8iBzDnMpsbLuo=
github.com/spiffe/go-spiffe/v2 v2.6.0/go.mod h1:gm2SeUoMZEtpnzPNs2Csc0D/gX33k1xIx7lEzqblHEs=
github.com/stretchr/objx v0.1.0/go.mod h1:HFkY916IF+rwdDfMAkV7OtwuqBVzrE8GR6GFx+wExME=
github.com/stretchr/testify v1.3.0/go.mod h1:M5WIy9Dh21IEIfnGCwXGc5bZfKNJtfHm1UVUgZn+9EI=
github.com/stretchr/testify v1.5.1/go.mod h1:5W2xD1RspED5o8YsWQXVCued0rvSQ+mT+I5cxcmMvtA=
github.com/stretchr/testify v1.7.0/go.mod h1:6Fq8oRcR53rry900zMqJjRRixrwX3KX962/h/Wwjteg=
github.com/stretchr/testify v1.11.1 h1:7s2iGBzp5EwR7/aIZr8ao5+dra3wiQyKjjFuvgVKu7U=
github.com/stretchr/testify v1.11.1/go.mod h1:wZwfW3scLgRK+23gO65QZefKpKQRnfz6sD981Nm4B6U=
github.com/tdewolff/minify/v2 v2.24.8 h1:58/VjsbevI4d5FGV0ZSuBrHMSSkH4MCH0sIz/eKIauE=
github.com/tdewolff/minify/v2 v2.24.8/go.mod h1:0Ukj0CRpo/sW/nd8uZ4ccXaV1rEVIWA3dj8U7+Shhfw=
github.com/tdewolff/parse/v2 v2.8.6 h1:jJv54ee5Bot6xlYwc4TK5LPWUv7KYRxsmKK+Pa2ORXI=
github.com/tdewolff/parse/v2 v2.8.6/go.mod h1:Hwlni2tiVNKyzR1o6nUs4FOF07URA+JLBLd6dlIXYqo=
github.com/tdewolff/test v1.0.11 h1:FdLbwQVHxqG16SlkGveC0JVyrJN62COWTRyUFzfbtBE=
github.com/tdewolff/test v1.0.11/go.mod h1:XPuWBzvdUzhCuxWO1ojpXsyzsA5bFoS3tO/Q3kFuTG8=
go.opentelemetry.io/auto/sdk v1.2.1 h1:jXsnJ4Lmnqd11kwkBV2LgLoFMZKizbCi5fNZ/ipaZ64=
go.opentelemetry.io/auto/sdk v1.2.1/go.mod h1:KRTj+aOaElaLi+wW1kO/DZRXwkF4C5xPbEe3ZiIhN7Y=
go.opentelemetry.io/contrib/detectors/gcp v1.39.0 h1:kWRNZMsfBHZ+uHjiH4y7Etn2FK26LAGkNFw7RHv1DhE=
go.opentelemetry.io/contrib/detectors/gcp v1.39.0/go.mod h1:t/OGqzHBa5v6RHZwrDBJ2OirWc+4q/w2fTbLZwAKjTk=
go.opentelemetry.io/contrib/instrumentation/google.golang.org/grpc/otelgrpc v0.62.0 h1:rbRJ8BBoVMsQShESYZ0FkvcITu8X8QNwJogcLUmDNNw=
go.opentelemetry.io/contrib/instrumentation/google.golang.org/grpc/otelgrpc v0.62.0/go.mod h1:ru6KHrNtNHxM4nD/vd6QrLVWgKhxPYgblq4VAtNawTQ=
go.opentelemetry.io/contrib/instrumentation/net/http/otelhttp v0.65.0 h1:7iP2uCb7sGddAr30RRS6xjKy7AZ2JtTOPA3oolgVSw8=
go.opentelemetry.io/contrib/instrumentation/net/http/otelhttp v0.65.0/go.mod h1:c7hN3ddxs/z6q9xwvfLPk+UHlWRQyaeR1LdgfL/66l0=
go.opentelemetry.io/otel v1.40.0 h1:oA5YeOcpRTXq6NN7frwmwFR0Cn3RhTVZvXsP4duvCms=
go.opentelemetry.io/otel v1.40.0/go.mod h1:IMb+uXZUKkMXdPddhwAHm6UfOwJyh4ct1ybIlV14J0g=
go.opentelemetry.io/otel/metric v1.40.0 h1:rcZe317KPftE2rstWIBitCdVp89A2HqjkxR3c11+p9g=
go.opentelemetry.io/otel/metric v1.40.0/go.mod h1:ib/crwQH7N3r5kfiBZQbwrTge743UDc7DTFVZrrXnqc=
go.opentelemetry.io/otel/sdk v1.40.0 h1:KHW/jUzgo6wsPh9At46+h4upjtccTmuZCFAc9OJ71f8=
go.opentelemetry.io/otel/sdk v1.40.0/go.mod h1:Ph7EFdYvxq72Y8Li9q8KebuYUr2KoeyHx0DRMKrYBUE=
go.opentelemetry.io/otel/sdk/metric v1.40.0 h1:mtmdVqgQkeRxHgRv4qhyJduP3fYJRMX4AtAlbuWdCYw=
go.opentelemetry.io/otel/sdk/metric v1.40.0/go.mod h1:4Z2bGMf0KSK3uRjlczMOeMhKU2rhUqdWNoKcYrtcBPg=
go.opentelemetry.io/otel/trace v1.40.0 h1:WA4etStDttCSYuhwvEa8OP8I5EWu24lkOzp+ZYblVjw=
go.opentelemetry.io/otel/trace v1.40.0/go.mod h1:zeAhriXecNGP/s2SEG3+Y8X9ujcJOTqQ5RgdEJcawiA=
go.uber.org/goleak v1.3.0 h1:2K3zAYmnTNqV73imy9J1T3WC+gmCePx2hEGkimedGto=
go.uber.org/goleak v1.3.0/go.mod h1:CoHD4mav9JJNrW/WLlf7HGZPjdw8EucARQHekz1X6bE=
gocloud.dev v0.44.0 h1:iVyMAqFl2r6xUy7M4mfqwlN+21UpJoEtgHEcfiLMUXs=
gocloud.dev v0.44.0/go.mod h1:ZmjROXGdC/eKZLF1N+RujDlFRx3D+4Av2thREKDMVxY=
golang.org/x/crypto v0.48.0 h1:/VRzVqiRSggnhY7gNRxPauEQ5Drw9haKdM0jqfcCFts=
golang.org/x/crypto v0.48.0/go.mod h1:r0kV5h3qnFPlQnBSrULhlsRfryS2pmewsg+XfMgkVos=
golang.org/x/net v0.50.0 h1:ucWh9eiCGyDR3vtzso0WMQinm2Dnt8cFMuQa9K33J60=
golang.org/x/net v0.50.0/go.mod h1:UgoSli3F/pBgdJBHCTc+tp3gmrU4XswgGRgtnwWTfyM=
golang.org/x/oauth2 v0.35.0 h1:Mv2mzuHuZuY2+bkyWXIHMfhNdJAdwW3FuWeCPYN5GVQ=
golang.org/x/oauth2 v0.35.0/go.mod h1:lzm5WQJQwKZ3nwavOZ3IS5Aulzxi68dUSgRHujetwEA=
golang.org/x/sync v0.19.0 h1:vV+1eWNmZ5geRlYjzm2adRgW2/mcpevXNg50YZtPCE4=
golang.org/x/sync v0.19.0/go.mod h1:9KTHXmSnoGruLpwFjVSX0lNNA75CykiMECbovNTZqGI=
golang.org/x/sys v0.41.0 h1:Ivj+2Cp/ylzLiEU89QhWblYnOE9zerudt9Ftecq2C6k=
golang.org/x/sys v0.41.0/go.mod h1:OgkHotnGiDImocRcuBABYBEXf8A9a87e/uXjp9XT3ks=
golang.org/x/text v0.34.0 h1:oL/Qq0Kdaqxa1KbNeMKwQq0reLCCaFtqu2eNuSeNHbk=
golang.org/x/text v0.34.0/go.mod h1:homfLqTYRFyVYemLBFl5GgL/DWEiH5wcsQ5gSh1yziA=
golang.org/x/time v0.14.0 h1:MRx4UaLrDotUKUdCIqzPC48t1Y9hANFKIRpNx+Te8PI=
golang.org/x/time v0.14.0/go.mod h1:eL/Oa2bBBK0TkX57Fyni+NgnyQQN4LitPmob2Hjnqw4=
golang.org/x/xerrors v0.0.0-20240903120638-7835f813f4da h1:noIWHXmPHxILtqtCOPIhSt0ABwskkZKjD3bXGnZGpNY=
golang.org/x/xerrors v0.0.0-20240903120638-7835f813f4da/go.mod h1:NDW/Ps6MPRej6fsCIbMTohpP40sJ/P/vI1MoTEGwX90=
gonum.org/v1/gonum v0.16.0 h1:5+ul4Swaf3ESvrOnidPp4GZbzf0mxVQpDCYUQE7OJfk=
gonum.org/v1/gonum v0.16.0/go.mod h1:fef3am4MQ93R2HHpKnLk4/Tbh/s0+wqD5nfa6Pnwy4E=
google.golang.org/api v0.267.0 h1:w+vfWPMPYeRs8qH1aYYsFX68jMls5acWl/jocfLomwE=
google.golang.org/api v0.267.0/go.mod h1:Jzc0+ZfLnyvXma3UtaTl023TdhZu6OMBP9tJ+0EmFD0=
google.golang.org/genproto v0.0.0-20260128011058-8636f8732409 h1:VQZ/yAbAtjkHgH80teYd2em3xtIkkHd7ZhqfH2N9CsM=
google.golang.org/genproto v0.0.0-20260128011058-8636f8732409/go.mod h1:rxKD3IEILWEu3P44seeNOAwZN4SaoKaQ/2eTg4mM6EM=
google.golang.org/genproto/googleapis/api v0.0.0-20260128011058-8636f8732409 h1:merA0rdPeUV3YIIfHHcH4qBkiQAc1nfCKSI7lB4cV2M=
google.golang.org/genproto/googleapis/api v0.0.0-20260128011058-8636f8732409/go.mod h1:fl8J1IvUjCilwZzQowmw2b7HQB2eAuYBabMXzWurF+I=
google.golang.org/genproto/googleapis/rpc v0.0.0-20260217215200-42d3e9bedb6d h1:t/LOSXPJ9R0B6fnZNyALBRfZBH0Uy0gT+uR+SJ6syqQ=
google.golang.org/genproto/googleapis/rpc v0.0.0-20260217215200-42d3e9bedb6d/go.mod h1:4Hqkh8ycfw05ld/3BWL7rJOSfebL2Q+DVDeRgYgxUU8=
google.golang.org/grpc v1.79.1 h1:zGhSi45ODB9/p3VAawt9a+O/MULLl9dpizzNNpq7flY=
google.golang.org/grpc v1.79.1/go.mod h1:KmT0Kjez+0dde/v2j9vzwoAScgEPx/Bw1CYChhHLrHQ=
google.golang.org/protobuf v1.36.11 h1:fV6ZwhNocDyBLK0dj+fg8ektcVegBBuEolpbTQyBNVE=
google.golang.org/protobuf v1.36.11/go.mod h1:HTf+CrKn2C3g5S8VImy6tdcUvCska2kB7j23XfzDpco=
gopkg.in/Iwark/spreadsheet.v2 v2.0.0-20230915040305-7677e8164883 h1:P76GtA9CSDE7tooNd+JRcG5Qzxq8Y236qtgCBxN8WRM=
gopkg.in/Iwark/spreadsheet.v2 v2.0.0-20230915040305-7677e8164883/go.mod h1:AJiLW20RvjD8NFw7OxNQFAWXlvIJeb9TDTGBsfCzFcM=
gopkg.in/check.v1 v0.0.0-20161208181325-20d25e280405/go.mod h1:Co6ibVJAznAaIkqp8huTwlJQCZ016jof/cbN4VW5Yz0=
gopkg.in/yaml.v2 v2.2.2/go.mod h1:hI93XBmqTisBFMUTm0b8Fm+jr3Dg1NNxqwp+5A1VGuI=
gopkg.in/yaml.v2 v2.2.8/go.mod h1:hI93XBmqTisBFMUTm0b8Fm+jr3Dg1NNxqwp+5A1VGuI=
gopkg.in/yaml.v3 v3.0.0-20200313102051-9f266ea9e77c/go.mod h1:K4uyk7z7BCEPqu6E+C64Yfv1cQ7kz7rIZviUmN+EgEM=
gopkg.in/yaml.v3 v3.0.1 h1:fxVm/GzAzEWqLHuvctI91KS9hhNmmWOoWu0XTYJS7CA=
gopkg.in/yaml.v3 v3.0.1/go.mod h1:K4uyk7z7BCEPqu6E+C64Yfv1cQ7kz7rIZviUmN+EgEM=
