cel.dev/expr v0.25.1 h1:1KrZg61W6TWSxuNZ37Xy49ps13NUovb66QLprthtwi4=
cel.dev/expr v0.25.1/go.mod h1:hrXvqGP6G6gyx8UAHSHJ5RGk//1Oj5nXQ2NI02Nrsg4=
cloud.google.com/go v0.123.0 h1:2NAUJwPR47q+E35uaJeYoNhuNEM9kM8SjgRgdeOJUSE=
cloud.google.com/go v0.123.0/go.mod h1:xBoMV08QcqUGuPW65Qfm1o9Y4zKZBpGS+7bImXLTAZU=
cloud.google.com/go/auth v0.20.0 h1:kXTssoVb4azsVDoUiF8KvxAqrsQcQtB53DcSgta74CA=
cloud.google.com/go/auth v0.20.0/go.mod h1:942/yi/itH1SsmpyrbnTMDgGfdy2BUqIKyd0cyYLc5Q=
cloud.google.com/go/auth/oauth2adapt v0.2.8 h1:keo8NaayQZ6wimpNSmW5OPc283g65QNIiLpZnkHRbnc=
cloud.google.com/go/auth/oauth2adapt v0.2.8/go.mod h1:XQ9y31RkqZCcwJWNSx2Xvric3RrU88hAYYbjDWYDL+c=
cloud.google.com/go/compute/metadata v0.9.0 h1:pDUj4QMoPejqq20dK0Pg2N4yG9zIkYGdBtwLoEkH9Zs=
cloud.google.com/go/compute/metadata v0.9.0/go.mod h1:E0bWwX5wTnLPedCKqk3pJmVgCBSM6qQI1yTBdEb3C10=
cloud.google.com/go/iam v1.5.3 h1:+vMINPiDF2ognBJ97ABAYYwRgsaqxPbQDlMnbHMjolc=
cloud.google.com/go/iam v1.5.3/go.mod h1:MR3v9oLkZCTlaqljW6Eb2d3HGDGK5/bDv93jhfISFvU=
cloud.google.com/go/monitoring v1.24.3 h1:dde+gMNc0UhPZD1Azu6at2e79bfdztVDS5lvhOdsgaE=
cloud.google.com/go/monitoring v1.24.3/go.mod h1:nYP6W0tm3N9H/bOw8am7t62YTzZY+zUeQ+Bi6+2eonI=
cloud.google.com/go/storage v1.57.2 h1:sVlym3cHGYhrp6XZKkKb+92I1V42ks2qKKpB0CF5Mb4=
cloud.google.com/go/storage v1.57.2/go.mod h1:n5ijg4yiRXXpCu0sJTD6k+eMf7GRrJmPyr9YxLXGHOk=
dario.cat/mergo v1.0.2 h1:85+piFYR1tMbRrLcDwR18y4UKJ3aH1Tbzi24VRW1TK8=
dario.cat/mergo v1.0.2/go.mod h1:E/hbnu0NxMFBjpMIE34DRGLWqDy0g5FuKDhCb31ngxA=
github.com/BurntSushi/toml v1.6.0 h1:dRaEfpa2VI55EwlIW72hMRHdWouJeRF7TPYhI+AUQjk=
github.com/BurntSushi/toml v1.6.0/go.mod h1:ukJfTF/6rtPPRCnwkur4qwRxa8vTRFBF0uk2lLoLwho=
github.com/GoogleCloudPlatform/opentelemetry-operations-go/detectors/gcp v1.31.0 h1:DHa2U07rk8syqvCge0QIGMCE1WxGj9njT44GH7zNJLQ=
github.com/GoogleCloudPlatform/opentelemetry-operations-go/detectors/gcp v1.31.0/go.mod h1:P4WPRUkOhJC13W//jWpyfJNDAIpvRbAUIYLX/4jtlE0=
github.com/GoogleCloudPlatform/opentelemetry-operations-go/exporter/metric v0.54.0 h1:lhhYARPUu3LmHysQ/igznQphfzynnqI3D75oUyw1HXk=
github.com/GoogleCloudPlatform/opentelemetry-operations-go/exporter/metric v0.54.0/go.mod h1:l9rva3ApbBpEJxSNYnwT9N4CDLrWgtq3u8736C5hyJw=
github.com/GoogleCloudPlatform/opentelemetry-operations-go/internal/resourcemapping v0.54.0 h1:s0WlVbf9qpvkh1c/uDAPElam0WrL7fHRIidgZJ7UqZI=
github.com/GoogleCloudPlatform/opentelemetry-operations-go/internal/resourcemapping v0.54.0/go.mod h1:Mf6O40IAyB9zR/1J8nGDDPirZQQPbYJni8Yisy7NTMc=
github.com/Masterminds/goutils v1.1.1 h1:5nUrii3FMTL5diU80unEVvNevw1nH4+ZV4DSLVJLSYI=
github.com/Masterminds/goutils v1.1.1/go.mod h1:8cTjp+g8YejhMuvIA5y2vz3BpJxksy863GQaJW2MFNU=
github.com/Masterminds/semver/v3 v3.5.0 h1:kQceYJfbupGfZOKZQg0kou0DgAKhzDg2NZPAwZ/2OOE=
github.com/Masterminds/semver/v3 v3.5.0/go.mod h1:4V+yj/TJE1HU9XfppCwVMZq3I84lprf4nC11bSS5beM=
github.com/Masterminds/sprig/v3 v3.3.0 h1:mQh0Yrg1XPo6vjYXgtf5OtijNAKJRNcTdOOGZe3tPhs=
github.com/Masterminds/sprig/v3 v3.3.0/go.mod h1:Zy1iXRYNqNLUolqCpL4uhk6SHUMAOSCzdgBfDb35Lz0=
github.com/ProtonMail/go-crypto v1.4.1 h1:9RfcZHqEQUvP8RzecWEUafnZVtEvrBVL9BiF67IQOfM=
github.com/ProtonMail/go-crypto v1.4.1/go.mod h1:e1OaTyu5SYVrO9gKOEhTc+5UcXtTUa+P3uLudwcgPqo=
github.com/algolia/algoliasearch-client-go/v3 v3.32.1 h1:+Wabh154Z5dXNL+FlxYC9PJAmNEAmIv7u7qCPr70J24=
github.com/algolia/algoliasearch-client-go/v3 v3.32.1/go.mod h1:i7tLoP7TYDmHX3Q7vkIOL4syVse/k5VJ+k0i8WqFiJk=
github.com/aws/aws-lambda-go v1.54.0 h1:EGYpdyRGF88xszqlGcBewz811mJeRS+maNlLZXFheII=
github.com/aws/aws-lambda-go v1.54.0/go.mod h1:dpMpZgvWx5vuQJfBt0zqBha60q7Dd7RfgJv23DymV8A=
github.com/aws/aws-sdk-go-v2 v1.41.9 h1:/rYeyO2+HrMztAmxAq9++XJtFMqSIpSsNA0yDGALYq4=
github.com/aws/aws-sdk-go-v2 v1.41.9/go.mod h1:+HsoOEX80qAVUitj1A2DhCNTjmb3edVyuDypb6LNEeo=
github.com/aws/aws-sdk-go-v2/aws/protocol/eventstream v1.7.11 h1:h5+3VT69KUBK24grGuuA5saDJTj2IIjLb9au668Fo5I=
github.com/aws/aws-sdk-go-v2/aws/protocol/eventstream v1.7.11/go.mod h1:dnakxebH6UwFvcvujL0LVggYQ8nEvBGjU4G/V79Nv94=
github.com/aws/aws-sdk-go-v2/config v1.32.20 h1:8VMDnWc/kEzxsI/1ngGM9mG81a8IGmIHD8KLcYGwagc=
github.com/aws/aws-sdk-go-v2/config v1.32.20/go.mod h1:PuwEpciweIXGULWeOeSTXtSbH4CW9mWdWrhdCKQI1sM=
github.com/aws/aws-sdk-go-v2/credentials v1.19.19 h1:yuFzSV1U0aRNYCQGVaTY2zW2M/L93pYHnXnrJUphYhU=
github.com/aws/aws-sdk-go-v2/credentials v1.19.19/go.mod h1:7y63L1kGzeoDlJaQ3Z578KrnmfBut96JjvJUzGwR+YE=
github.com/aws/aws-sdk-go-v2/feature/ec2/imds v1.18.25 h1:0w6dCiO8iez+YKwRhRBlL1CH/E3GTfdkuzrwj1by8vo=
github.com/aws/aws-sdk-go-v2/feature/ec2/imds v1.18.25/go.mod h1:9FDWUothyr5RCRAHc45XOiVCzUR8n/IhCYX+uVqw6vk=
github.com/aws/aws-sdk-go-v2/feature/s3/manager v1.22.22 h1:eBnBL5sAT9aIg014yU6DG4YT/ov8r9jnOPW/t7rr8Ig=
github.com/aws/aws-sdk-go-v2/feature/s3/manager v1.22.22/go.mod h1:PjXTcjNr3cv5pfRG+PakZ9Yypx2vLRjCAcm1kEfHSjk=
github.com/aws/aws-sdk-go-v2/internal/configsources v1.4.25 h1:Uii3frf9ztec/ABM2/FSH9/z7PLzxfpG8h4RpkUFflQ=
github.com/aws/aws-sdk-go-v2/internal/configsources v1.4.25/go.mod h1:G6kntsA2GorAxDPbap6xgB2F+amSLUF8GJTi7PUoX44=
github.com/aws/aws-sdk-go-v2/internal/endpoints/v2 v2.7.25 h1:r1+/l6m+WaUJF9HISEsNOLHSNj5EXYQxK8VX6Cz9NlA=
github.com/aws/aws-sdk-go-v2/internal/endpoints/v2 v2.7.25/go.mod h1:cKf+D+NMDK1LndD7BowHbBZPgR9V0/5HubH0PFWvA+c=
github.com/aws/aws-sdk-go-v2/internal/v4a v1.4.26 h1:A1PmWU2zfkIm9EyFlJncFXL4W4phML+h8KjltUsCvNQ=
github.com/aws/aws-sdk-go-v2/internal/v4a v1.4.26/go.mod h1:dY4MRzXEizrD4hqtpKvWVGPX7QleSGGVY+EBolo1RmM=
github.com/aws/aws-sdk-go-v2/service/internal/accept-encoding v1.13.10 h1:d5/908OJ4bXg8lyjeMPvXetEKqoDoLi5Owy1zNue3yg=
github.com/aws/aws-sdk-go-v2/service/internal/accept-encoding v1.13.10/go.mod h1:a57l7Hwh+FWI+we50g5NPJHYUKeJKfXbc4w8SyXu8Ig=
github.com/aws/aws-sdk-go-v2/service/internal/checksum v1.9.18 h1:W/EyPFl9A5rXrtoilfwHYEvzHER+K4SpBPtMXi24Mos=
github.com/aws/aws-sdk-go-v2/service/internal/checksum v1.9.18/go.mod h1:UG50K+pvd/uy6xExbobg0rjqFBFZe6I3l75EPDZw4tg=
github.com/aws/aws-sdk-go-v2/service/internal/presigned-url v1.13.25 h1:dD3dhHNglpd98gs72my22Ndqi1hqQGllFFg1F+twfxg=
github.com/aws/aws-sdk-go-v2/service/internal/presigned-url v1.13.25/go.mod h1:0yAbjPfd64gG7mj85RW+fMEYdfBgCRZw8g/oWcL1pjc=
github.com/aws/aws-sdk-go-v2/service/internal/s3shared v1.19.25 h1:2pQEbwf+/6EDbiit/GcBE2K4IUpMZymaA0kOz3xK978=
github.com/aws/aws-sdk-go-v2/service/internal/s3shared v1.19.25/go.mod h1:KvT6NCcQ0EZ+ZkVRrlBMt04Po3ok23YELEp7WimhLhM=
github.com/aws/aws-sdk-go-v2/service/s3 v1.102.2 h1:ie4ElCmUKS26pzrZcIk/lmt4yWjAqLLcawstyQCh298=
github.com/aws/aws-sdk-go-v2/service/s3 v1.102.2/go.mod h1:zjsomFeX5duj+4PlMB+o4JoWTIx+G0XMyzjYrUbQkN0=
github.com/aws/aws-sdk-go-v2/service/signin v1.1.1 h1:1VwbP3qMNfxUDEXWki4rCE5iA+44VA1lokTz9HasGzw=
github.com/aws/aws-sdk-go-v2/service/signin v1.1.1/go.mod h1:vUtyoSj0OPji3kjIVSc/GlKuWEiL33f/WFxl6dmpy/A=
github.com/aws/aws-sdk-go-v2/service/sso v1.30.19 h1:N6pIsdFOW1Kd9S4KyFKXdGRBojPPxkP32+uHFWLv4Hc=
github.com/aws/aws-sdk-go-v2/service/sso v1.30.19/go.mod h1:3gt5WJArFooNmyLONS+h/R4J+o86II8du38IgCwj9dE=
github.com/aws/aws-sdk-go-v2/service/ssooidc v1.36.2 h1:hc+lBYiiTr8Zk4MTzIsQ92MeDWCIDvWGmzKUWOaBcOg=
github.com/aws/aws-sdk-go-v2/service/ssooidc v1.36.2/go.mod h1:hU6fqB3OJA6/ePheD47LQnxvjYk6br6PtQxs+Q9ojvk=
github.com/aws/aws-sdk-go-v2/service/sts v1.42.3 h1:ErklX/7uhSbkAAeyQD/Y1OoQ9hO3SJXQNEgksORW3Js=
github.com/aws/aws-sdk-go-v2/service/sts v1.42.3/go.mod h1:ULe4HCzfKPiR6R3HEurE3b1upEkuk8AkMrOKtaOxKO8=
github.com/aws/smithy-go v1.26.0 h1:9ouqbi+NyKP7fV3Te7UElCwdAb6Y8uk7LGwPE5tVe/s=
github.com/aws/smithy-go v1.26.0/go.mod h1:YE2RhdIuDbA5E5bTdciG9KrW3+TiEONeUWCqxX9i1Fc=
github.com/aymerick/douceur v0.2.0 h1:Mv+mAeH1Q+n9Fr+oyamOlAkUNPWPlA8PPGR0QAaYuPk=
github.com/aymerick/douceur v0.2.0/go.mod h1:wlT5vV2O3h55X9m7iVYN0TBM0NH/MmbLnd30/FjWUq4=
github.com/carlmjohnson/be v0.25.2 h1:EPTT7qCF5xJjcgrV5yX/muP5HTqSJR2VOjO6O4l9cYE=
github.com/carlmjohnson/be v0.25.2/go.mod h1:2P+bH/INocW7e411OYCCIwT3nnJneZyveVav0WBBM1U=
github.com/carlmjohnson/deque v0.23.1 h1:X2HOJM9xcglY03deMZ0oZ1V2xtbqYV7dJDnZiSZN4Ak=
github.com/carlmjohnson/deque v0.23.1/go.mod h1:LF5NJjICBrEOPx84pxPL4nCimy5n9NQjxKi5cXkh+8U=
github.com/carlmjohnson/flowmatic v0.23.4 h1:SfK6f+zKUlw4aga1ph+7/csqVeUAWnBxfqKN5gvQzzs=
github.com/carlmjohnson/flowmatic v0.23.4/go.mod h1:Jpvyl591Dvkt9chYpnVupjxlKvqkZ9CtCmqL4wfQD7U=
github.com/carlmjohnson/gateway v1.22.2 h1:Nr7JVUSruWG3I6PGGxUTaIGLHSEhCcoppFX0zGxha80=
github.com/carlmjohnson/gateway v1.22.2/go.mod h1:C2xSaIo4kkvdbTQQI5EhmzzWC1wB/+f5COhlpQ4O8fA=
github.com/carlmjohnson/requests v0.25.1 h1:17zNRLecxtAjhtdEIV+F+wrYfe+AGZUjWJtpndcOUYA=
github.com/carlmjohnson/requests v0.25.1/go.mod h1:z3UEf8IE4sZxZ78spW6/tLdqBkfCu1Fn4RaYMnZ8SRM=
github.com/cespare/xxhash/v2 v2.3.0 h1:UL815xU9SqsFlibzuggzjXhog7bL6oX9BbNZnL2UFvs=
github.com/cespare/xxhash/v2 v2.3.0/go.mod h1:VGX0DQ3Q6kWi7AoAeZDth3/j3BFtOZR5XLFGgcrjCOs=
github.com/cloudflare/circl v1.6.3 h1:9GPOhQGF9MCYUeXyMYlqTR6a5gTrgR/fBLXvUgtVcg8=
github.com/cloudflare/circl v1.6.3/go.mod h1:2eXP6Qfat4O/Yhh8BznvKnJ+uzEoTQ6jVKJRn81BiS4=
github.com/cncf/xds/go v0.0.0-20260202195803-dba9d589def2 h1:aBangftG7EVZoUb69Os8IaYg++6uMOdKK83QtkkvJik=
github.com/cncf/xds/go v0.0.0-20260202195803-dba9d589def2/go.mod h1:qwXFYgsP6T7XnJtbKlf1HP8AjxZZyzxMmc+Lq5GjlU4=
github.com/davecgh/go-spew v1.1.0/go.mod h1:J7Y8YcW2NihsgmVo/mv3lAwl/skON4iLHjSsI+c5H38=
github.com/davecgh/go-spew v1.1.1 h1:vj9j/u1bqnvCEfJOwUhtlOARqs3+rkHYY13jYWTU97c=
github.com/davecgh/go-spew v1.1.1/go.mod h1:J7Y8YcW2NihsgmVo/mv3lAwl/skON4iLHjSsI+c5H38=
github.com/earthboundkid/bytemap/v2 v2.24.1 h1:/uV7l5RwQk+i7CHBaysasl+nmHR/VYOGQCjrdNeCPv8=
github.com/earthboundkid/bytemap/v2 v2.24.1/go.mod h1:amqatzrKVIgZYITQzyXL1bV4pH3cEVqRdX23T3iKhnM=
github.com/earthboundkid/crockford/v2 v2.25.3 h1:XLAMunAlwif1ibtaiOh81IkqXjik4uraYyWLwiM2eAk=
github.com/earthboundkid/crockford/v2 v2.25.3/go.mod h1:keI1dVPvd9wyXPb7tGMxGrUXnXlwC94uleuJs/ye/js=
github.com/earthboundkid/deque/v2 v2.24.2 h1:U0vh6utzBx922tezr53ryt2tOIJ1GUKMABmYpxCgV48=
github.com/earthboundkid/deque/v2 v2.24.2/go.mod h1:k/HnjdCUwuMdqNzbS2exS37GEXJBzHSpNBVppL/nEHg=
github.com/earthboundkid/emailx/v2 v2.24.1 h1:DK/4Eh36IvxCR+29E7xbaxi8gPxgAvm4zMw3DY6VZmM=
github.com/earthboundkid/emailx/v2 v2.24.1/go.mod h1:8UAz0q898I8GBxekObC/Tj6qfF3CJWWNACn+U2DRHlY=
github.com/earthboundkid/errorx/v2 v2.25.1 h1:fjyBu0PFb0psCrQZ9USlE3waHB7ribC4ezvIMBu5xNI=
github.com/earthboundkid/errorx/v2 v2.25.1/go.mod h1:sG7ss+tguj326adlVkr64+1MkOPTFQ7AgGTFjv2O32o=
github.com/earthboundkid/flagx/v2 v2.25.1 h1:NCnaW8sg0B9EcThAFUOEPQFbD2qhGFMp1s4GqU3kPW8=
github.com/earthboundkid/flagx/v2 v2.25.1/go.mod h1:uFev2jp4UhPBLZpRkeHEXuko2vVhi/E/vuxrYgDVjBg=
github.com/earthboundkid/mid v0.26.1 h1:hr3DeMz+DKRYGYDRS00CLqztgFfxukOZ+DeNkWj65rw=
github.com/earthboundkid/mid v0.26.1/go.mod h1:hyrjqI1JpXaOJ1pc7zC4m1tlrQCUt9clOPJNd3XvTcA=
github.com/earthboundkid/resperr/v2 v2.25.1 h1:H6GCeI/hynE3z1D3eGJ4Dh5s9AzjEf1YHFO4fRIgSs0=
github.com/earthboundkid/resperr/v2 v2.25.1/go.mod h1:1cymu80qg8aRoJzpjWdyYDbLCWzGl+AtlwUzAMmSnEM=
github.com/earthboundkid/slackhook/v2 v2.25.1 h1:/kHr/TUiqTkG4uFr8fPMTHOc6Z4+EDnwUZWTovbYGrE=
github.com/earthboundkid/slackhook/v2 v2.25.1/go.mod h1:cuNGmAmIqJ2rPhgRpJpYP+ZX0jk4VnNkHPZeDKs1eFg=
github.com/earthboundkid/versioninfo/v2 v2.24.1 h1:SJTMHaoUx3GzjjnUO1QzP3ZXK6Ee/nbWyCm58eY3oUg=
github.com/earthboundkid/versioninfo/v2 v2.24.1/go.mod h1:VcWEooDEuyUJnMfbdTh0uFN4cfEIg+kHMuWB2CDCLjw=
github.com/earthboundkid/xhtml v0.26.1 h1:Hu8xIwZZwzpHRMIXx09GsYB2RawhFwjlzaNoLocOwP8=
github.com/earthboundkid/xhtml v0.26.1/go.mod h1:KKQ8YAYc/AfLQi4+aMKVU8KQvtDUEwT/uuyC99Zo2js=
github.com/envoyproxy/go-control-plane v0.14.0 h1:hbG2kr4RuFj222B6+7T83thSPqLjwBIfQawTkC++2HA=
github.com/envoyproxy/go-control-plane/envoy v1.37.0 h1:u3riX6BoYRfF4Dr7dwSOroNfdSbEPe9Yyl09/B6wBrQ=
github.com/envoyproxy/go-control-plane/envoy v1.37.0/go.mod h1:DReE9MMrmecPy+YvQOAOHNYMALuowAnbjjEMkkWOi6A=
github.com/envoyproxy/protoc-gen-validate v1.3.3 h1:MVQghNeW+LZcmXe7SY1V36Z+WFMDjpqGAGacLe2T0ds=
github.com/envoyproxy/protoc-gen-validate v1.3.3/go.mod h1:TsndJ/ngyIdQRhMcVVGDDHINPLWB7C82oDArY51KfB0=
github.com/felixge/httpsnoop v1.0.4 h1:NFTV2Zj1bL4mc9sqWACXbQFVBBg2W3GPvqp8/ESS2Wg=
github.com/felixge/httpsnoop v1.0.4/go.mod h1:m8KPJKqk1gH5J9DgRY2ASl2lWCfGKXixSwevea8zH2U=
github.com/frankban/quicktest v1.14.6 h1:7Xjx+VpznH+oBnejlPUj8oUpdxnVs4f8XU8WnHkI4W8=
github.com/frankban/quicktest v1.14.6/go.mod h1:4ptaffx2x8+WTWXmUCuVU6aPUX1/Mz7zb5vbUoiM6w0=
github.com/gabriel-vasile/mimetype v1.4.13 h1:46nXokslUBsAJE/wMsp5gtO500a4F3Nkz9Ufpk2AcUM=
github.com/gabriel-vasile/mimetype v1.4.13/go.mod h1:d+9Oxyo1wTzWdyVUPMmXFvp4F9tea18J8ufA774AB3s=
github.com/getsentry/sentry-go v0.46.2 h1:1jhYwrKGa3sIpo/y5iDNXS5wDoT7I1KNzMHrnK6ojns=
github.com/getsentry/sentry-go v0.46.2/go.mod h1:evVbw2qotNUdYG8KxXbAdjOQWWvWIwKxpjdZZIvcIPw=
github.com/go-chi/chi/v5 v5.3.0 h1:halUjDxhshgXHMrao5bB8eNBXo/rnzwr8m5m36glehM=
github.com/go-chi/chi/v5 v5.3.0/go.mod h1:R+tYY2hNuVUUjxoPtqUdgBqevM9s9njzkTLutVsOCto=
github.com/go-errors/errors v1.4.2 h1:J6MZopCL4uSllY1OfXM374weqZFFItUbrImctkmUxIA=
github.com/go-errors/errors v1.4.2/go.mod h1:sIVyrIiJhuEF+Pj9Ebtd6P/rEYROXFi3BopGUQ5a5Og=
github.com/go-jose/go-jose/v4 v4.1.4 h1:moDMcTHmvE6Groj34emNPLs/qtYXRVcd6S7NHbHz3kA=
github.com/go-jose/go-jose/v4 v4.1.4/go.mod h1:x4oUasVrzR7071A4TnHLGSPpNOm2a21K9Kf04k1rs08=
github.com/go-logfmt/logfmt v0.6.1 h1:4hvbpePJKnIzH1B+8OR/JPbTx37NktoI9LE2QZBBkvE=
github.com/go-logfmt/logfmt v0.6.1/go.mod h1:EV2pOAQoZaT1ZXZbqDl5hrymndi4SY9ED9/z6CO0XAk=
github.com/go-logr/logr v1.2.2/go.mod h1:jdQByPbusPIv2/zmleS9BjJVeZ6kBagPoEUsqbVz/1A=
github.com/go-logr/logr v1.4.3 h1:CjnDlHq8ikf6E492q6eKboGOC0T8CDaOvkHCIg8idEI=
github.com/go-logr/logr v1.4.3/go.mod h1:9T104GzyrTigFIr8wt5mBrctHMim0Nb2HLGrmQ40KvY=
github.com/go-logr/stdr v1.2.2 h1:hSWxHoqTgW2S2qGc0LTAI563KZ5YKYRhT3MFKZMbjag=
github.com/go-logr/stdr v1.2.2/go.mod h1:mMo/vtBO5dYbehREoey6XUKy/eSumjCCveDpRre4VKE=
github.com/golang/protobuf v1.5.4 h1:i7eJL8qZTpSEXOPTxNKhASYpMn+8e5Q6AdndVa1dWek=
github.com/golang/protobuf v1.5.4/go.mod h1:lnTiLA8Wa4RWRcIUkrtSVa5nRhsEGBg48fD6rSs7xps=
github.com/google/go-cmp v0.6.0/go.mod h1:17dUlkBOakJ0+DkrSSNjCkIjxS6bF9zb3elmeNGIjoY=
github.com/google/go-cmp v0.7.0 h1:wk8382ETsv4JYUZwIsn6YpYiWiBsYLSJiTsyBybVuN8=
github.com/google/go-cmp v0.7.0/go.mod h1:pXiqmnSA92OHEEa9HXL2W4E7lf9JzCmGVUdgjX3N/iU=
github.com/google/go-github/v53 v53.2.0 h1:wvz3FyF53v4BK+AsnvCmeNhf8AkTaeh2SoYu/XUvTtI=
github.com/google/go-github/v53 v53.2.0/go.mod h1:XhFRObz+m/l+UCm9b7KSIC3lT3NWSXGt7mOsAWEloao=
github.com/google/go-querystring v1.2.0 h1:yhqkPbu2/OH+V9BfpCVPZkNmUXhb2gBxJArfhIxNtP0=
github.com/google/go-querystring v1.2.0/go.mod h1:8IFJqpSRITyJ8QhQ13bmbeMBDfmeEJZD5A0egEOmkqU=
github.com/google/go-replayers/grpcreplay v1.3.0 h1:1Keyy0m1sIpqstQmgz307zhiJ1pV4uIlFds5weTmxbo=
github.com/google/go-replayers/grpcreplay v1.3.0/go.mod h1:v6NgKtkijC0d3e3RW8il6Sy5sqRVUwoQa4mHOGEy8DI=
github.com/google/go-replayers/httpreplay v1.2.0 h1:VM1wEyyjaoU53BwrOnaf9VhAyQQEEioJvFYxYcLRKzk=
github.com/google/go-replayers/httpreplay v1.2.0/go.mod h1:WahEFFZZ7a1P4VM1qEeHy+tME4bwyqPcwWbNlUI1Mcg=
github.com/google/martian/v3 v3.3.3 h1:DIhPTQrbPkgs2yJYdXU/eNACCG5DVQjySNRNlflZ9Fc=
github.com/google/martian/v3 v3.3.3/go.mod h1:iEPrYcgCF7jA9OtScMFQyAlZZ4YXTKEtJ1E6RWzmBA0=
github.com/google/s2a-go v0.1.9 h1:LGD7gtMgezd8a/Xak7mEWL0PjoTQFvpRudN895yqKW0=
github.com/google/s2a-go v0.1.9/go.mod h1:YA0Ei2ZQL3acow2O62kdp9UlnvMmU7kA6Eutn0dXayM=
github.com/google/uuid v1.6.0 h1:NIvaJDMOsjHA8n1jAhLSgzrAzy1Hgr+hNrb57e+94F0=
github.com/google/uuid v1.6.0/go.mod h1:TIyPZe4MgqvfeYDBFedMoGGpEw/LqOeaOT+nhxU+yHo=
github.com/google/wire v0.7.0 h1:JxUKI6+CVBgCO2WToKy/nQk0sS+amI9z9EjVmdaocj4=
github.com/google/wire v0.7.0/go.mod h1:n6YbUQD9cPKTnHXEBN2DXlOp/mVADhVErcMFb0v3J18=
github.com/googleapis/enterprise-certificate-proxy v0.3.16 h1:F/VPrx0YPBdksZJQdCAp0WUsqnNmZpUZszzfYt0M5Dw=
github.com/googleapis/enterprise-certificate-proxy v0.3.16/go.mod h1:9Yb0eAkH/Xqhvv3zbeKf/+wMJqCeocWc6KIhDvEAuYE=
github.com/googleapis/gax-go/v2 v2.22.0 h1:PjIWBpgGIVKGoCXuiCoP64altEJCj3/Ei+kSU5vlZD4=
github.com/googleapis/gax-go/v2 v2.22.0/go.mod h1:irWBbALSr0Sk3qlqb9SyJ1h68WjgeFuiOzI4Rqw5+aY=
github.com/gorilla/css v1.0.1 h1:ntNaBIghp6JmvWnxbZKANoLyuXTPZ4cAMlo6RyhlbO8=
github.com/gorilla/css v1.0.1/go.mod h1:BvnYkspnSzMmwRK+b8/xgNPLiIuNZr6vbZBTPQ2A3b0=
github.com/huandu/xstrings v1.5.0 h1:2ag3IFq9ZDANvthTwTiqSSZLjDc+BedvHPAp5tJy2TI=
github.com/huandu/xstrings v1.5.0/go.mod h1:y5/lhBue+AyNmUVz9RLU9xbLR0o4KIIExikq4ovT0aE=
github.com/jackc/pgerrcode v0.0.0-20250907135507-afb5586c32a6 h1:D/V0gu4zQ3cL2WKeVNVM4r2gLxGGf6McLwgXzRTo2RQ=
github.com/jackc/pgerrcode v0.0.0-20250907135507-afb5586c32a6/go.mod h1:a/s9Lp5W7n/DD0VrVoyJ00FbP2ytTPDVOivvn2bMlds=
github.com/jackc/pgpassfile v1.0.0 h1:/6Hmqy13Ss2zCq62VdNG8tM1wchn8zjSGOBJ6icpsIM=
github.com/jackc/pgpassfile v1.0.0/go.mod h1:CEx0iS5ambNFdcRtxPj5JhEz+xB6uRky5eyVu/W2HEg=
github.com/jackc/pgservicefile v0.0.0-20240606120523-5a60cdf6a761 h1:iCEnooe7UlwOQYpKFhBabPMi4aNAfoODPEFNiAnClxo=
github.com/jackc/pgservicefile v0.0.0-20240606120523-5a60cdf6a761/go.mod h1:5TJZWKEWniPve33vlWYSoGYefn3gLQRzjfDlhSJ9ZKM=
github.com/jackc/pgx/v5 v5.9.2 h1:3ZhOzMWnR4yJ+RW1XImIPsD1aNSz4T4fyP7zlQb56hw=
github.com/jackc/pgx/v5 v5.9.2/go.mod h1:mal1tBGAFfLHvZzaYh77YS/eC6IX9OWbRV1QIIM0Jn4=
github.com/jackc/puddle/v2 v2.2.2 h1:PR8nw+E/1w0GLuRFSmiioY6UooMp6KJv0/61nB7icHo=
github.com/jackc/puddle/v2 v2.2.2/go.mod h1:vriiEXHvEE654aYKXXjOvZM39qJ0q+azkZFrfEOc3H4=
github.com/jackc/tern/v2 v2.4.1 h1:8uwPvkb8gI0k5fpITh0DbB3IuwIgTb7DClFeZtboMTw=
github.com/jackc/tern/v2 v2.4.1/go.mod h1:SBZe1vFMsD55kKeCd7dubdCK9fQrHmDGASoAsHQMwfg=
github.com/kr/pretty v0.3.1 h1:flRD4NNwYAUpkphVc1HcthR4KEIFJ65n8Mw5qdRn3LE=
github.com/kr/pretty v0.3.1/go.mod h1:hoEshYVHaxMs3cyo3Yncou5ZscifuDolrwPKZanG3xk=
github.com/kr/text v0.2.0 h1:5Nx0Ya0ZqY2ygV366QzturHI13Jq95ApcVaJBhpS+AY=
github.com/kr/text v0.2.0/go.mod h1:eLer722TekiGuMkidMxC/pM04lWEeraHUUmBw8l2grE=
github.com/microcosm-cc/bluemonday v1.0.27 h1:MpEUotklkwCSLeH+Qdx1VJgNqLlpY2KXwXFM08ygZfk=
github.com/microcosm-cc/bluemonday v1.0.27/go.mod h1:jFi9vgW+H7c3V0lb6nR74Ib/DIB5OBs92Dimizgw2cA=
github.com/mitchellh/copystructure v1.2.0 h1:vpKXTN4ewci03Vljg/q9QvCGUDttBOGBIa15WveJJGw=
github.com/mitchellh/copystructure v1.2.0/go.mod h1:qLl+cE2AmVv+CoeAwDPye/v+N2HKCj9FbZEVFJRxO9s=
github.com/mitchellh/reflectwalk v1.0.2 h1:G2LzWKi524PWgd3mLHV8Y5k7s6XUvT0Gef6zxSIeXaQ=
github.com/mitchellh/reflectwalk v1.0.2/go.mod h1:mSTlrgnPZtwu0c4WaC2kGObEpuNDbx0jmZXqmk4esnw=
github.com/pingcap/errors v0.11.4 h1:lFuQV/oaUMGcD2tqt+01ROSmJs75VG1ToEOkZIZ4nE4=
github.com/pingcap/errors v0.11.4/go.mod h1:Oi8TUi2kEtXXLMJk9l1cGmz20kV3TaQ0usTwv5KuLY8=
github.com/pkg/errors v0.9.1 h1:FEBLx1zS214owpjy7qsBeixbURkuhQAwrK5UwLGTwt4=
github.com/pkg/errors v0.9.1/go.mod h1:bwawxfHBFNV+L2hUp1rHADufV3IMtnDRdf1r5NINEl0=
github.com/planetscale/vtprotobuf v0.6.1-0.20240319094008-0393e58bdf10 h1:GFCKgmp0tecUJ0sJuv4pzYCqS9+RGSn52M3FUwPs+uo=
github.com/planetscale/vtprotobuf v0.6.1-0.20240319094008-0393e58bdf10/go.mod h1:t/avpk3KcrXxUnYOhZhMXJlSEyie6gQbtLq5NM3loB8=
github.com/pmezard/go-difflib v1.0.0 h1:4DBwDE0NGyQoBHbLQYPwSUPoCMWR5BEzIk/f1lZbAQM=
github.com/pmezard/go-difflib v1.0.0/go.mod h1:iKH77koFhYxTK1pcRnkKkqfTogsbg7gZNVY4sRDYZ/4=
github.com/rogpeppe/go-internal v1.14.1 h1:UQB4HGPB6osV0SQTLymcB4TgvyWu6ZyliaW0tI/otEQ=
github.com/rogpeppe/go-internal v1.14.1/go.mod h1:MaRKkUm5W0goXpeCfT7UZI6fk/L7L7so1lCWt35ZSgc=
github.com/shopspring/decimal v1.4.0 h1:bxl37RwXBklmTi0C79JfXCEBD1cqqHt0bbgBAGFp81k=
github.com/shopspring/decimal v1.4.0/go.mod h1:gawqmDU56v4yIKSwfBSFip1HdCCXN8/+DMd9qYNcwME=
github.com/spf13/cast v1.10.0 h1:h2x0u2shc1QuLHfxi+cTJvs30+ZAHOGRic8uyGTDWxY=
github.com/spf13/cast v1.10.0/go.mod h1:jNfB8QC9IA6ZuY2ZjDp0KtFO2LZZlg4S/7bzP6qqeHo=
github.com/spiffe/go-spiffe/v2 v2.6.0 h1:l+DolpxNWYgruGQVV0xsfeya3CsC7m8iBzDnMpsbLuo=
github.com/spiffe/go-spiffe/v2 v2.6.0/go.mod h1:gm2SeUoMZEtpnzPNs2Csc0D/gX33k1xIx7lEzqblHEs=
github.com/stretchr/objx v0.1.0/go.mod h1:HFkY916IF+rwdDfMAkV7OtwuqBVzrE8GR6GFx+wExME=
github.com/stretchr/testify v1.3.0/go.mod h1:M5WIy9Dh21IEIfnGCwXGc5bZfKNJtfHm1UVUgZn+9EI=
github.com/stretchr/testify v1.5.1/go.mod h1:5W2xD1RspED5o8YsWQXVCued0rvSQ+mT+I5cxcmMvtA=
github.com/stretchr/testify v1.7.0/go.mod h1:6Fq8oRcR53rry900zMqJjRRixrwX3KX962/h/Wwjteg=
github.com/stretchr/testify v1.11.1 h1:7s2iGBzp5EwR7/aIZr8ao5+dra3wiQyKjjFuvgVKu7U=
github.com/stretchr/testify v1.11.1/go.mod h1:wZwfW3scLgRK+23gO65QZefKpKQRnfz6sD981Nm4B6U=
github.com/tdewolff/minify/v2 v2.24.13 h1:xrcF7gKDnUszseEY9WX9mUlZII2v2Go/QAcAwRASw58=
github.com/tdewolff/minify/v2 v2.24.13/go.mod h1:emvwoYeIl8bfAKqRU5ww95LX9Gpggpqv/naal9a8Yq0=
github.com/tdewolff/parse/v2 v2.8.13 h1:si/8rLw5BZZTWCCiMm9A3f6x+RmqYfrkEeXCgpX5ick=
github.com/tdewolff/parse/v2 v2.8.13/go.mod h1:XdsoSFThlVIRIajAuqz1evNY7bagZS8LBOPA3aVopwQ=
github.com/tdewolff/test v1.0.12 h1:7F21DqIajswxuche0geHdrUZRCWE4oko4b7bcmkkrxk=
github.com/tdewolff/test v1.0.12/go.mod h1:XPuWBzvdUzhCuxWO1ojpXsyzsA5bFoS3tO/Q3kFuTG8=
go.opentelemetry.io/auto/sdk v1.2.1 h1:jXsnJ4Lmnqd11kwkBV2LgLoFMZKizbCi5fNZ/ipaZ64=
go.opentelemetry.io/auto/sdk v1.2.1/go.mod h1:KRTj+aOaElaLi+wW1kO/DZRXwkF4C5xPbEe3ZiIhN7Y=
go.opentelemetry.io/contrib/detectors/gcp v1.42.0 h1:kpt2PEJuOuqYkPcktfJqWWDjTEd/FNgrxcniL7kQrXQ=
go.opentelemetry.io/contrib/detectors/gcp v1.42.0/go.mod h1:W9zQ439utxymRrXsUOzZbFX4JhLxXU4+ZnCt8GG7yA8=
go.opentelemetry.io/contrib/instrumentation/google.golang.org/grpc/otelgrpc v0.67.0 h1:yI1/OhfEPy7J9eoa6Sj051C7n5dvpj0QX8g4sRchg04=
go.opentelemetry.io/contrib/instrumentation/google.golang.org/grpc/otelgrpc v0.67.0/go.mod h1:NoUCKYWK+3ecatC4HjkRktREheMeEtrXoQxrqYFeHSc=
go.opentelemetry.io/contrib/instrumentation/net/http/otelhttp v0.69.0 h1:8tvICD4vSTOOsNrsI4Ljf6C+6UKvpTEH5XY3JMoyPoo=
go.opentelemetry.io/contrib/instrumentation/net/http/otelhttp v0.69.0/go.mod h1:z9+yiacE0IHRqM4qFfkbt/JYlmYXgss8GY/jXoNuPJI=
go.opentelemetry.io/otel v1.44.0 h1:JjwHmHpA4iZ3wBxluu2fbbE7j4kqlE8jXyAyPXH7HqU=
go.opentelemetry.io/otel v1.44.0/go.mod h1:BMgjTHL9WPRlRjL2oZCBTL4whCGtXch2H4BhOPIAyYc=
go.opentelemetry.io/otel/metric v1.44.0 h1:1w0gILTcHdr3YI+ixLyjemwrVnsMURbTZFrSYCdDdmc=
go.opentelemetry.io/otel/metric v1.44.0/go.mod h1:8O7hanEPBNgEMmybD3s2VBKcgWOCsA6tzHBPODAiquo=
go.opentelemetry.io/otel/metric/x v0.66.0 h1:YkCrx1zLOChi9ZcZ6euupOcsgzbVlec7D/xoEU1+cTA=
go.opentelemetry.io/otel/metric/x v0.66.0/go.mod h1:d1+BDj9t96do0/1LoU1ayfCv79ZgNE41qbhBvnMOBZk=
go.opentelemetry.io/otel/sdk v1.44.0 h1:nHYwb9lK+fJPU/dnT6s7W7Z8itMWyqrnVfbheVYrZ58=
go.opentelemetry.io/otel/sdk v1.44.0/go.mod h1:Osuydd3Se74nqjAKxid74N5eC+jfEqfTegHRnq58oK0=
go.opentelemetry.io/otel/sdk/metric v1.44.0 h1:3LlKgI+VjbVsjNRFZJZAJ30WjXC5VkNRks6si09iEfI=
go.opentelemetry.io/otel/sdk/metric v1.44.0/go.mod h1:5B5pMARnXxKhltooO4xUuCBorl65a4EpnTalObqOigA=
go.opentelemetry.io/otel/trace v1.44.0 h1:jxF5CsGYCe74MCRx2X4g7WsY/VBKRqqpNvXlX/6gtIk=
go.opentelemetry.io/otel/trace v1.44.0/go.mod h1:oLl1jrMQAVo6v3GAggN+1VH9VIz9iUSvW53sW1Q8PIE=
go.uber.org/goleak v1.3.0 h1:2K3zAYmnTNqV73imy9J1T3WC+gmCePx2hEGkimedGto=
go.uber.org/goleak v1.3.0/go.mod h1:CoHD4mav9JJNrW/WLlf7HGZPjdw8EucARQHekz1X6bE=
gocloud.dev v0.45.0 h1:WknIK8IbRdmynDvara3Q7G6wQhmEiOGwpgJufbM39sY=
gocloud.dev v0.45.0/go.mod h1:0kXKmkCLG6d31N7NyLZWzt7jDSQura9zD/mWgiB6THI=
golang.org/x/crypto v0.52.0 h1:RMs7fP2rXdep0CftQlK8Uf+kibLm7qkCcradZWYz988=
golang.org/x/crypto v0.52.0/go.mod h1:1QgfPxDqh0T2M/elOJtp9RvuR95kVjir0e6/BvEmGbc=
golang.org/x/net v0.55.0 h1:bcvxaJn3e1U6InsFWt1JUq1aSjnRxLzT2rtD2KfkDF8=
golang.org/x/net v0.55.0/go.mod h1:L5U2KuzuOe1lY7Z+aWVIKK6qEeJXnXV9yzGA+WCHJww=
golang.org/x/oauth2 v0.36.0 h1:peZ/1z27fi9hUOFCAZaHyrpWG5lwe0RJEEEeH0ThlIs=
golang.org/x/oauth2 v0.36.0/go.mod h1:YDBUJMTkDnJS+A4BP4eZBjCqtokkg1hODuPjwiGPO7Q=
golang.org/x/sync v0.20.0 h1:e0PTpb7pjO8GAtTs2dQ6jYa5BWYlMuX047Dco/pItO4=
golang.org/x/sync v0.20.0/go.mod h1:9xrNwdLfx4jkKbNva9FpL6vEN7evnE43NNNJQ2LF3+0=
golang.org/x/sys v0.45.0 h1:dO4czNzziLiiXplLQgBCEpCvXQ3dnkn0SdaZSYdQ+FY=
golang.org/x/sys v0.45.0/go.mod h1:4GL1E5IUh+htKOUEOaiffhrAeqysfVGipDYzABqnCmw=
golang.org/x/text v0.37.0 h1:Cqjiwd9eSg8e0QAkyCaQTNHFIIzWtidPahFWR83rTrc=
golang.org/x/text v0.37.0/go.mod h1:a5sjxXGs9hsn/AJVwuElvCAo9v8QYLzvavO5z2PiM38=
golang.org/x/time v0.15.0 h1:bbrp8t3bGUeFOx08pvsMYRTCVSMk89u4tKbNOZbp88U=
golang.org/x/time v0.15.0/go.mod h1:Y4YMaQmXwGQZoFaVFk4YpCt4FLQMYKZe9oeV/f4MSno=
golang.org/x/xerrors v0.0.0-20240903120638-7835f813f4da h1:noIWHXmPHxILtqtCOPIhSt0ABwskkZKjD3bXGnZGpNY=
golang.org/x/xerrors v0.0.0-20240903120638-7835f813f4da/go.mod h1:NDW/Ps6MPRej6fsCIbMTohpP40sJ/P/vI1MoTEGwX90=
gonum.org/v1/gonum v0.17.0 h1:VbpOemQlsSMrYmn7T2OUvQ4dqxQXU+ouZFQsZOx50z4=
gonum.org/v1/gonum v0.17.0/go.mod h1:El3tOrEuMpv2UdMrbNlKEh9vd86bmQ6vqIcDwxEOc1E=
google.golang.org/api v0.282.0 h1:WmJiSVqUnKqJCpJOx7YADbXaC+9DDsnGSfllFSj7R2I=
google.golang.org/api v0.282.0/go.mod h1:6Wssta4c5n9qHq5CBhmlai5h/PUa1djdDAIhYEHyvcM=
google.golang.org/genproto v0.0.0-20260319201613-d00831a3d3e7 h1:XzmzkmB14QhVhgnawEVsOn6OFsnpyxNPRY9QV01dNB0=
google.golang.org/genproto v0.0.0-20260319201613-d00831a3d3e7/go.mod h1:L43LFes82YgSonw6iTXTxXUX1OlULt4AQtkik4ULL/I=
google.golang.org/genproto/googleapis/api v0.0.0-20260319201613-d00831a3d3e7 h1:41r6JMbpzBMen0R/4TZeeAmGXSJC7DftGINUodzTkPI=
google.golang.org/genproto/googleapis/api v0.0.0-20260319201613-d00831a3d3e7/go.mod h1:EIQZ5bFCfRQDV4MhRle7+OgjNtZ6P1PiZBgAKuxXu/Y=
google.golang.org/genproto/googleapis/rpc v0.0.0-20260526163538-3dc84a4a5aaa h1:mZHHdPZl0dbGHCflZgAq/Q468DWVFcU2whhB2KAo8fk=
google.golang.org/genproto/googleapis/rpc v0.0.0-20260526163538-3dc84a4a5aaa/go.mod h1:4Hqkh8ycfw05ld/3BWL7rJOSfebL2Q+DVDeRgYgxUU8=
google.golang.org/grpc v1.81.1 h1:VnnIIZ88UzOOKLukQi+ImGz8O1Wdp8nAGGnvOfEIWQQ=
google.golang.org/grpc v1.81.1/go.mod h1:xGH9GfzOyMTGIOXBJmXt+BX/V0kcdQbdcuwQ/zNw42I=
google.golang.org/protobuf v1.36.11 h1:fV6ZwhNocDyBLK0dj+fg8ektcVegBBuEolpbTQyBNVE=
google.golang.org/protobuf v1.36.11/go.mod h1:HTf+CrKn2C3g5S8VImy6tdcUvCska2kB7j23XfzDpco=
gopkg.in/Iwark/spreadsheet.v2 v2.0.0-20230915040305-7677e8164883 h1:P76GtA9CSDE7tooNd+JRcG5Qzxq8Y236qtgCBxN8WRM=
gopkg.in/Iwark/spreadsheet.v2 v2.0.0-20230915040305-7677e8164883/go.mod h1:AJiLW20RvjD8NFw7OxNQFAWXlvIJeb9TDTGBsfCzFcM=
gopkg.in/check.v1 v0.0.0-20161208181325-20d25e280405/go.mod h1:Co6ibVJAznAaIkqp8huTwlJQCZ016jof/cbN4VW5Yz0=
gopkg.in/yaml.v2 v2.2.2/go.mod h1:hI93XBmqTisBFMUTm0b8Fm+jr3Dg1NNxqwp+5A1VGuI=
gopkg.in/yaml.v2 v2.2.8/go.mod h1:hI93XBmqTisBFMUTm0b8Fm+jr3Dg1NNxqwp+5A1VGuI=
gopkg.in/yaml.v3 v3.0.0-20200313102051-9f266ea9e77c/go.mod h1:K4uyk7z7BCEPqu6E+C64Yfv1cQ7kz7rIZviUmN+EgEM=
gopkg.in/yaml.v3 v3.0.1 h1:fxVm/GzAzEWqLHuvctI91KS9hhNmmWOoWu0XTYJS7CA=
gopkg.in/yaml.v3 v3.0.1/go.mod h1:K4uyk7z7BCEPqu6E+C64Yfv1cQ7kz7rIZviUmN+EgEM=
